{
  "version": 4,
  "terraform_version": "1.2.8",
  "serial": 22,
  "lineage": "7d4cb51e-d82a-07ff-40d0-4602161a472a",
  "outputs": {
    "role_cluster": {
      "value": "arn:aws:iam::978388149693:role/prd-ops-data-discovery-cluster-20230202233634430700000003",
      "type": "string"
    },
    "role_eks_unique_id": {
      "value": "AROA6HTD2MW62NAPRDEEA",
      "type": "string"
    }
  },
  "resources": [
    {
      "mode": "data",
      "type": "aws_ami",
      "name": "amazon_linux",
      "provider": "provider[\"registry.terraform.io/hashicorp/aws\"]",
      "instances": [
        {
          "schema_version": 0,
          "attributes": {
            "architecture": "x86_64",
            "arn": "arn:aws:ec2:sa-east-1::image/ami-0274de3796ee08e44",
            "block_device_mappings": [
              {
                "device_name": "/dev/xvda",
                "ebs": {
                  "delete_on_termination": "true",
                  "encrypted": "false",
                  "iops": "0",
                  "snapshot_id": "snap-0d68d4eea6fcef855",
                  "throughput": "0",
                  "volume_size": "8",
                  "volume_type": "gp2"
                },
                "no_device": "",
                "virtual_name": ""
              }
            ],
            "boot_mode": "",
            "creation_date": "2023-01-26T00:14:45.000Z",
            "deprecation_time": "2025-01-26T00:14:45.000Z",
            "description": "Amazon Linux AMI 2018.03.0.20230124.1 x86_64 HVM gp2",
            "ena_support": true,
            "executable_users": null,
            "filter": [
              {
                "name": "name",
                "values": [
                  "amzn-ami-hvm-*-x86_64-gp2"
                ]
              }
            ],
            "hypervisor": "xen",
            "id": "ami-0274de3796ee08e44",
            "image_id": "ami-0274de3796ee08e44",
            "image_location": "amazon/amzn-ami-hvm-2018.03.0.20230124.1-x86_64-gp2",
            "image_owner_alias": "amazon",
            "image_type": "machine",
            "imds_support": "",
            "include_deprecated": false,
            "kernel_id": "",
            "most_recent": true,
            "name": "amzn-ami-hvm-2018.03.0.20230124.1-x86_64-gp2",
            "name_regex": null,
            "owner_id": "137112412989",
            "owners": [
              "amazon"
            ],
            "platform": "",
            "platform_details": "Linux/UNIX",
            "product_codes": [],
            "public": true,
            "ramdisk_id": "",
            "root_device_name": "/dev/xvda",
            "root_device_type": "ebs",
            "root_snapshot_id": "snap-0d68d4eea6fcef855",
            "sriov_net_support": "simple",
            "state": "available",
            "state_reason": {
              "code": "UNSET",
              "message": "UNSET"
            },
            "tags": {},
            "timeouts": null,
            "tpm_support": "",
            "usage_operation": "RunInstances",
            "virtualization_type": "hvm"
          },
          "sensitive_attributes": []
        }
      ]
    },
    {
      "mode": "data",
      "type": "aws_ami",
      "name": "lin_ami",
      "provider": "provider[\"registry.terraform.io/hashicorp/aws\"]",
      "instances": [
        {
          "schema_version": 0,
          "attributes": {
            "architecture": "x86_64",
            "arn": "arn:aws:ec2:sa-east-1::image/ami-0c53a5dd8f1b9a449",
            "block_device_mappings": [
              {
                "device_name": "/dev/xvda",
                "ebs": {
                  "delete_on_termination": "true",
                  "encrypted": "false",
                  "iops": "0",
                  "snapshot_id": "snap-0dd06fb0ba060d5f0",
                  "throughput": "0",
                  "volume_size": "20",
                  "volume_type": "gp2"
                },
                "no_device": "",
                "virtual_name": ""
              }
            ],
            "boot_mode": "",
            "creation_date": "2023-02-01T20:44:17.000Z",
            "deprecation_time": "2025-02-01T20:44:17.000Z",
            "description": "EKS Kubernetes Worker AMI with AmazonLinux2 image, (k8s: 1.23.15, docker: 20.10.17-1.amzn2.0.1, containerd: 1.6.6-1.amzn2.0.2)",
            "ena_support": true,
            "executable_users": null,
            "filter": [
              {
                "name": "name",
                "values": [
                  "amazon-eks-node-1.23-*"
                ]
              }
            ],
            "hypervisor": "xen",
            "id": "ami-0c53a5dd8f1b9a449",
            "image_id": "ami-0c53a5dd8f1b9a449",
            "image_location": "amazon/amazon-eks-node-1.23-v20230127",
            "image_owner_alias": "amazon",
            "image_type": "machine",
            "imds_support": "",
            "include_deprecated": false,
            "kernel_id": "",
            "most_recent": true,
            "name": "amazon-eks-node-1.23-v20230127",
            "name_regex": null,
            "owner_id": "602401143452",
            "owners": [
              "amazon"
            ],
            "platform": "",
            "platform_details": "Linux/UNIX",
            "product_codes": [],
            "public": true,
            "ramdisk_id": "",
            "root_device_name": "/dev/xvda",
            "root_device_type": "ebs",
            "root_snapshot_id": "snap-0dd06fb0ba060d5f0",
            "sriov_net_support": "simple",
            "state": "available",
            "state_reason": {
              "code": "UNSET",
              "message": "UNSET"
            },
            "tags": {},
            "timeouts": null,
            "tpm_support": "",
            "usage_operation": "RunInstances",
            "virtualization_type": "hvm"
          },
          "sensitive_attributes": []
        }
      ]
    },
    {
      "mode": "data",
      "type": "aws_caller_identity",
      "name": "current",
      "provider": "provider[\"registry.terraform.io/hashicorp/aws\"]",
      "instances": [
        {
          "schema_version": 0,
          "attributes": {
            "account_id": "978388149693",
            "arn": "arn:aws:sts::978388149693:assumed-role/C2G-N3/aws-go-sdk-1675710596743369000",
            "id": "978388149693",
            "user_id": "AROA6HTD2MW65LKMFSDN2:aws-go-sdk-1675710596743369000"
          },
          "sensitive_attributes": []
        }
      ]
    },
    {
      "mode": "data",
      "type": "aws_route_table",
      "name": "private-a",
      "provider": "provider[\"registry.terraform.io/hashicorp/aws\"]",
      "instances": [
        {
          "schema_version": 0,
          "attributes": {
            "arn": "arn:aws:ec2:sa-east-1:978388149693:route-table/rtb-08144d8dbf727da06",
            "associations": [
              {
                "gateway_id": "",
                "main": false,
                "route_table_association_id": "rtbassoc-096a815096e22e864",
                "route_table_id": "rtb-08144d8dbf727da06",
                "subnet_id": "subnet-08cd6709b0f6f8a91"
              },
              {
                "gateway_id": "",
                "main": false,
                "route_table_association_id": "rtbassoc-025a1f2087b342ff7",
                "route_table_id": "rtb-08144d8dbf727da06",
                "subnet_id": "subnet-0a024ec1653a0a513"
              },
              {
                "gateway_id": "",
                "main": false,
                "route_table_association_id": "rtbassoc-0809ffead971432f0",
                "route_table_id": "rtb-08144d8dbf727da06",
                "subnet_id": "subnet-0489be1815252a915"
              }
            ],
            "filter": null,
            "gateway_id": null,
            "id": "rtb-08144d8dbf727da06",
            "owner_id": "978388149693",
            "route_table_id": "rtb-08144d8dbf727da06",
            "routes": [
              {
                "carrier_gateway_id": "",
                "cidr_block": "0.0.0.0/0",
                "core_network_arn": "",
                "destination_prefix_list_id": "",
                "egress_only_gateway_id": "",
                "gateway_id": "",
                "instance_id": "i-0518ef1055e4c36c4",
                "ipv6_cidr_block": "",
                "local_gateway_id": "",
                "nat_gateway_id": "",
                "network_interface_id": "eni-08a096189d8b16c3a",
                "transit_gateway_id": "",
                "vpc_endpoint_id": "",
                "vpc_peering_connection_id": ""
              }
            ],
            "subnet_id": "subnet-08cd6709b0f6f8a91",
            "tags": {
              "Name": "private_app_route_table",
              "cost_center_1": "-",
              "cost_center_2": "-",
              "iaac": "yes",
              "monitoring": "-",
              "operation": "-",
              "provisioned_by": "networking_team",
              "route_table_type": "app",
              "stack": "onetrust_prd"
            },
            "timeouts": null,
            "vpc_id": "vpc-01095b47e31dddb22"
          },
          "sensitive_attributes": []
        }
      ]
    },
    {
      "mode": "data",
      "type": "aws_route_table",
      "name": "private-b",
      "provider": "provider[\"registry.terraform.io/hashicorp/aws\"]",
      "instances": [
        {
          "schema_version": 0,
          "attributes": {
            "arn": "arn:aws:ec2:sa-east-1:978388149693:route-table/rtb-08144d8dbf727da06",
            "associations": [
              {
                "gateway_id": "",
                "main": false,
                "route_table_association_id": "rtbassoc-096a815096e22e864",
                "route_table_id": "rtb-08144d8dbf727da06",
                "subnet_id": "subnet-08cd6709b0f6f8a91"
              },
              {
                "gateway_id": "",
                "main": false,
                "route_table_association_id": "rtbassoc-025a1f2087b342ff7",
                "route_table_id": "rtb-08144d8dbf727da06",
                "subnet_id": "subnet-0a024ec1653a0a513"
              },
              {
                "gateway_id": "",
                "main": false,
                "route_table_association_id": "rtbassoc-0809ffead971432f0",
                "route_table_id": "rtb-08144d8dbf727da06",
                "subnet_id": "subnet-0489be1815252a915"
              }
            ],
            "filter": null,
            "gateway_id": null,
            "id": "rtb-08144d8dbf727da06",
            "owner_id": "978388149693",
            "route_table_id": "rtb-08144d8dbf727da06",
            "routes": [
              {
                "carrier_gateway_id": "",
                "cidr_block": "0.0.0.0/0",
                "core_network_arn": "",
                "destination_prefix_list_id": "",
                "egress_only_gateway_id": "",
                "gateway_id": "",
                "instance_id": "i-0518ef1055e4c36c4",
                "ipv6_cidr_block": "",
                "local_gateway_id": "",
                "nat_gateway_id": "",
                "network_interface_id": "eni-08a096189d8b16c3a",
                "transit_gateway_id": "",
                "vpc_endpoint_id": "",
                "vpc_peering_connection_id": ""
              }
            ],
            "subnet_id": "subnet-0489be1815252a915",
            "tags": {
              "Name": "private_app_route_table",
              "cost_center_1": "-",
              "cost_center_2": "-",
              "iaac": "yes",
              "monitoring": "-",
              "operation": "-",
              "provisioned_by": "networking_team",
              "route_table_type": "app",
              "stack": "onetrust_prd"
            },
            "timeouts": null,
            "vpc_id": "vpc-01095b47e31dddb22"
          },
          "sensitive_attributes": []
        }
      ]
    },
    {
      "mode": "data",
      "type": "aws_route_table",
      "name": "private-c",
      "provider": "provider[\"registry.terraform.io/hashicorp/aws\"]",
      "instances": [
        {
          "schema_version": 0,
          "attributes": {
            "arn": "arn:aws:ec2:sa-east-1:978388149693:route-table/rtb-08144d8dbf727da06",
            "associations": [
              {
                "gateway_id": "",
                "main": false,
                "route_table_association_id": "rtbassoc-096a815096e22e864",
                "route_table_id": "rtb-08144d8dbf727da06",
                "subnet_id": "subnet-08cd6709b0f6f8a91"
              },
              {
                "gateway_id": "",
                "main": false,
                "route_table_association_id": "rtbassoc-025a1f2087b342ff7",
                "route_table_id": "rtb-08144d8dbf727da06",
                "subnet_id": "subnet-0a024ec1653a0a513"
              },
              {
                "gateway_id": "",
                "main": false,
                "route_table_association_id": "rtbassoc-0809ffead971432f0",
                "route_table_id": "rtb-08144d8dbf727da06",
                "subnet_id": "subnet-0489be1815252a915"
              }
            ],
            "filter": null,
            "gateway_id": null,
            "id": "rtb-08144d8dbf727da06",
            "owner_id": "978388149693",
            "route_table_id": "rtb-08144d8dbf727da06",
            "routes": [
              {
                "carrier_gateway_id": "",
                "cidr_block": "0.0.0.0/0",
                "core_network_arn": "",
                "destination_prefix_list_id": "",
                "egress_only_gateway_id": "",
                "gateway_id": "",
                "instance_id": "i-0518ef1055e4c36c4",
                "ipv6_cidr_block": "",
                "local_gateway_id": "",
                "nat_gateway_id": "",
                "network_interface_id": "eni-08a096189d8b16c3a",
                "transit_gateway_id": "",
                "vpc_endpoint_id": "",
                "vpc_peering_connection_id": ""
              }
            ],
            "subnet_id": "subnet-0a024ec1653a0a513",
            "tags": {
              "Name": "private_app_route_table",
              "cost_center_1": "-",
              "cost_center_2": "-",
              "iaac": "yes",
              "monitoring": "-",
              "operation": "-",
              "provisioned_by": "networking_team",
              "route_table_type": "app",
              "stack": "onetrust_prd"
            },
            "timeouts": null,
            "vpc_id": "vpc-01095b47e31dddb22"
          },
          "sensitive_attributes": []
        }
      ]
    },
    {
      "mode": "managed",
      "type": "aws_vpc_endpoint",
      "name": "vpce_autoscaling",
      "provider": "provider[\"registry.terraform.io/hashicorp/aws\"]",
      "instances": [
        {
          "schema_version": 0,
          "attributes": {
            "arn": "arn:aws:ec2:sa-east-1:978388149693:vpc-endpoint/vpce-0182b2324264d5388",
            "auto_accept": null,
            "cidr_blocks": [],
            "dns_entry": [
              {
                "dns_name": "vpce-0182b2324264d5388-uqgrptnn.autoscaling.sa-east-1.vpce.amazonaws.com",
                "hosted_zone_id": "Z2LXUWEVLCVZIB"
              },
              {
                "dns_name": "vpce-0182b2324264d5388-uqgrptnn-sa-east-1c.autoscaling.sa-east-1.vpce.amazonaws.com",
                "hosted_zone_id": "Z2LXUWEVLCVZIB"
              },
              {
                "dns_name": "vpce-0182b2324264d5388-uqgrptnn-sa-east-1a.autoscaling.sa-east-1.vpce.amazonaws.com",
                "hosted_zone_id": "Z2LXUWEVLCVZIB"
              },
              {
                "dns_name": "vpce-0182b2324264d5388-uqgrptnn-sa-east-1b.autoscaling.sa-east-1.vpce.amazonaws.com",
                "hosted_zone_id": "Z2LXUWEVLCVZIB"
              },
              {
                "dns_name": "autoscaling.sa-east-1.amazonaws.com",
                "hosted_zone_id": "Z0580218WZS1J5X8KWG0"
              }
            ],
            "dns_options": [
              {
                "dns_record_ip_type": "ipv4"
              }
            ],
            "id": "vpce-0182b2324264d5388",
            "ip_address_type": "ipv4",
            "network_interface_ids": [
              "eni-0426bc0dcae8aeba5",
              "eni-07072dc3c8fe28406",
              "eni-08d41b380d73d6841"
            ],
            "owner_id": "978388149693",
            "policy": "{\"Statement\":[{\"Action\":\"*\",\"Effect\":\"Allow\",\"Principal\":\"*\",\"Resource\":\"*\"}]}",
            "prefix_list_id": null,
            "private_dns_enabled": true,
            "requester_managed": false,
            "route_table_ids": [],
            "security_group_ids": [
              "sg-080cec9f75f0a6fd1",
              "sg-0b3bc898d796cce07"
            ],
            "service_name": "com.amazonaws.sa-east-1.autoscaling",
            "state": "available",
            "subnet_ids": [
              "subnet-0489be1815252a915",
              "subnet-08cd6709b0f6f8a91",
              "subnet-0a024ec1653a0a513"
            ],
            "tags": {
              "ambiente": "prod",
              "cost-center": "55210210",
              "funcao": "aws_vpc_endpoint-vpce_autoscaling",
              "funcionamento": "24x7",
              "owner": "Arquitetura",
              "workload": "ops-data-discovery"
            },
            "tags_all": {
              "ambiente": "prod",
              "cost-center": "55210210",
              "funcao": "aws_vpc_endpoint-vpce_autoscaling",
              "funcionamento": "24x7",
              "owner": "Arquitetura",
              "workload": "ops-data-discovery"
            },
            "timeouts": null,
            "vpc_endpoint_type": "Interface",
            "vpc_id": "vpc-01095b47e31dddb22"
          },
          "sensitive_attributes": [],
          "private": "eyJlMmJmYjczMC1lY2FhLTExZTYtOGY4OC0zNDM2M2JjN2M0YzAiOnsiY3JlYXRlIjo2MDAwMDAwMDAwMDAsImRlbGV0ZSI6NjAwMDAwMDAwMDAwLCJ1cGRhdGUiOjYwMDAwMDAwMDAwMH19",
          "dependencies": [
            "module.eks_cluster.aws_security_group.cluster",
            "module.eks_cluster.aws_security_group.node"
          ]
        }
      ]
    },
    {
      "mode": "managed",
      "type": "aws_vpc_endpoint",
      "name": "vpce_ec2",
      "provider": "provider[\"registry.terraform.io/hashicorp/aws\"]",
      "instances": [
        {
          "schema_version": 0,
          "attributes": {
            "arn": "arn:aws:ec2:sa-east-1:978388149693:vpc-endpoint/vpce-029f0861b66be73e3",
            "auto_accept": null,
            "cidr_blocks": [],
            "dns_entry": [
              {
                "dns_name": "vpce-029f0861b66be73e3-imeszy6e.ec2.sa-east-1.vpce.amazonaws.com",
                "hosted_zone_id": "Z2LXUWEVLCVZIB"
              },
              {
                "dns_name": "vpce-029f0861b66be73e3-imeszy6e-sa-east-1c.ec2.sa-east-1.vpce.amazonaws.com",
                "hosted_zone_id": "Z2LXUWEVLCVZIB"
              },
              {
                "dns_name": "vpce-029f0861b66be73e3-imeszy6e-sa-east-1b.ec2.sa-east-1.vpce.amazonaws.com",
                "hosted_zone_id": "Z2LXUWEVLCVZIB"
              },
              {
                "dns_name": "vpce-029f0861b66be73e3-imeszy6e-sa-east-1a.ec2.sa-east-1.vpce.amazonaws.com",
                "hosted_zone_id": "Z2LXUWEVLCVZIB"
              },
              {
                "dns_name": "ec2.sa-east-1.amazonaws.com",
                "hosted_zone_id": "Z02245671QDS9KRT4F67O"
              },
              {
                "dns_name": "ec2.sa-east-1.api.aws",
                "hosted_zone_id": "Z07453371Z2RMY3DLNF01"
              }
            ],
            "dns_options": [
              {
                "dns_record_ip_type": "ipv4"
              }
            ],
            "id": "vpce-029f0861b66be73e3",
            "ip_address_type": "ipv4",
            "network_interface_ids": [
              "eni-0a1879089c2214158",
              "eni-0c6a695627ecce5be",
              "eni-0d65b889b1ac04c05"
            ],
            "owner_id": "978388149693",
            "policy": "{\"Statement\":[{\"Action\":\"*\",\"Effect\":\"Allow\",\"Principal\":\"*\",\"Resource\":\"*\"}]}",
            "prefix_list_id": null,
            "private_dns_enabled": true,
            "requester_managed": false,
            "route_table_ids": [],
            "security_group_ids": [
              "sg-080cec9f75f0a6fd1",
              "sg-0b3bc898d796cce07"
            ],
            "service_name": "com.amazonaws.sa-east-1.ec2",
            "state": "available",
            "subnet_ids": [
              "subnet-0489be1815252a915",
              "subnet-08cd6709b0f6f8a91",
              "subnet-0a024ec1653a0a513"
            ],
            "tags": {
              "ambiente": "prod",
              "cost-center": "55210210",
              "funcao": "aws_vpc_endpoint-vpce_ec2",
              "funcionamento": "24x7",
              "owner": "Arquitetura",
              "workload": "ops-data-discovery"
            },
            "tags_all": {
              "ambiente": "prod",
              "cost-center": "55210210",
              "funcao": "aws_vpc_endpoint-vpce_ec2",
              "funcionamento": "24x7",
              "owner": "Arquitetura",
              "workload": "ops-data-discovery"
            },
            "timeouts": null,
            "vpc_endpoint_type": "Interface",
            "vpc_id": "vpc-01095b47e31dddb22"
          },
          "sensitive_attributes": [],
          "private": "eyJlMmJmYjczMC1lY2FhLTExZTYtOGY4OC0zNDM2M2JjN2M0YzAiOnsiY3JlYXRlIjo2MDAwMDAwMDAwMDAsImRlbGV0ZSI6NjAwMDAwMDAwMDAwLCJ1cGRhdGUiOjYwMDAwMDAwMDAwMH19",
          "dependencies": [
            "module.eks_cluster.aws_security_group.cluster",
            "module.eks_cluster.aws_security_group.node"
          ]
        }
      ]
    },
    {
      "mode": "managed",
      "type": "aws_vpc_endpoint",
      "name": "vpce_ec2messages",
      "provider": "provider[\"registry.terraform.io/hashicorp/aws\"]",
      "instances": [
        {
          "schema_version": 0,
          "attributes": {
            "arn": "arn:aws:ec2:sa-east-1:978388149693:vpc-endpoint/vpce-0eda9cef87bfc23cb",
            "auto_accept": null,
            "cidr_blocks": [],
            "dns_entry": [
              {
                "dns_name": "vpce-0eda9cef87bfc23cb-6cxxrk0l.ec2messages.sa-east-1.vpce.amazonaws.com",
                "hosted_zone_id": "Z2LXUWEVLCVZIB"
              },
              {
                "dns_name": "vpce-0eda9cef87bfc23cb-6cxxrk0l-sa-east-1a.ec2messages.sa-east-1.vpce.amazonaws.com",
                "hosted_zone_id": "Z2LXUWEVLCVZIB"
              },
              {
                "dns_name": "vpce-0eda9cef87bfc23cb-6cxxrk0l-sa-east-1b.ec2messages.sa-east-1.vpce.amazonaws.com",
                "hosted_zone_id": "Z2LXUWEVLCVZIB"
              },
              {
                "dns_name": "vpce-0eda9cef87bfc23cb-6cxxrk0l-sa-east-1c.ec2messages.sa-east-1.vpce.amazonaws.com",
                "hosted_zone_id": "Z2LXUWEVLCVZIB"
              },
              {
                "dns_name": "ec2messages.sa-east-1.amazonaws.com",
                "hosted_zone_id": "Z02245602YVQ65BTFZVPC"
              }
            ],
            "dns_options": [
              {
                "dns_record_ip_type": "ipv4"
              }
            ],
            "id": "vpce-0eda9cef87bfc23cb",
            "ip_address_type": "ipv4",
            "network_interface_ids": [
              "eni-0210ae95bbd022208",
              "eni-02a8921a93e14aaa3",
              "eni-04e15f518aaabfbd0"
            ],
            "owner_id": "978388149693",
            "policy": "{\"Statement\":[{\"Action\":\"*\",\"Effect\":\"Allow\",\"Principal\":\"*\",\"Resource\":\"*\"}]}",
            "prefix_list_id": null,
            "private_dns_enabled": true,
            "requester_managed": false,
            "route_table_ids": [],
            "security_group_ids": [
              "sg-080cec9f75f0a6fd1",
              "sg-0b3bc898d796cce07"
            ],
            "service_name": "com.amazonaws.sa-east-1.ec2messages",
            "state": "available",
            "subnet_ids": [
              "subnet-0489be1815252a915",
              "subnet-08cd6709b0f6f8a91",
              "subnet-0a024ec1653a0a513"
            ],
            "tags": {
              "ambiente": "prod",
              "cost-center": "55210210",
              "funcao": "aws_vpc_endpoint-vpce_ec2messages",
              "funcionamento": "24x7",
              "owner": "Arquitetura",
              "workload": "ops-data-discovery"
            },
            "tags_all": {
              "ambiente": "prod",
              "cost-center": "55210210",
              "funcao": "aws_vpc_endpoint-vpce_ec2messages",
              "funcionamento": "24x7",
              "owner": "Arquitetura",
              "workload": "ops-data-discovery"
            },
            "timeouts": null,
            "vpc_endpoint_type": "Interface",
            "vpc_id": "vpc-01095b47e31dddb22"
          },
          "sensitive_attributes": [],
          "private": "eyJlMmJmYjczMC1lY2FhLTExZTYtOGY4OC0zNDM2M2JjN2M0YzAiOnsiY3JlYXRlIjo2MDAwMDAwMDAwMDAsImRlbGV0ZSI6NjAwMDAwMDAwMDAwLCJ1cGRhdGUiOjYwMDAwMDAwMDAwMH19",
          "dependencies": [
            "module.eks_cluster.aws_security_group.cluster",
            "module.eks_cluster.aws_security_group.node"
          ]
        }
      ]
    },
    {
      "mode": "managed",
      "type": "aws_vpc_endpoint",
      "name": "vpce_ecrapi",
      "provider": "provider[\"registry.terraform.io/hashicorp/aws\"]",
      "instances": [
        {
          "schema_version": 0,
          "attributes": {
            "arn": "arn:aws:ec2:sa-east-1:978388149693:vpc-endpoint/vpce-00b49faa58c02af13",
            "auto_accept": null,
            "cidr_blocks": [],
            "dns_entry": [
              {
                "dns_name": "vpce-00b49faa58c02af13-kqdkbic7.api.ecr.sa-east-1.vpce.amazonaws.com",
                "hosted_zone_id": "Z2LXUWEVLCVZIB"
              },
              {
                "dns_name": "vpce-00b49faa58c02af13-kqdkbic7-sa-east-1b.api.ecr.sa-east-1.vpce.amazonaws.com",
                "hosted_zone_id": "Z2LXUWEVLCVZIB"
              },
              {
                "dns_name": "vpce-00b49faa58c02af13-kqdkbic7-sa-east-1c.api.ecr.sa-east-1.vpce.amazonaws.com",
                "hosted_zone_id": "Z2LXUWEVLCVZIB"
              },
              {
                "dns_name": "vpce-00b49faa58c02af13-kqdkbic7-sa-east-1a.api.ecr.sa-east-1.vpce.amazonaws.com",
                "hosted_zone_id": "Z2LXUWEVLCVZIB"
              },
              {
                "dns_name": "api.ecr.sa-east-1.amazonaws.com",
                "hosted_zone_id": "Z0675104ZZSNNEI4SOV9"
              }
            ],
            "dns_options": [
              {
                "dns_record_ip_type": "ipv4"
              }
            ],
            "id": "vpce-00b49faa58c02af13",
            "ip_address_type": "ipv4",
            "network_interface_ids": [
              "eni-06a6475f438d3c87d",
              "eni-0b9e67a44a55473c0",
              "eni-0c0a7e2a17ca2138b"
            ],
            "owner_id": "978388149693",
            "policy": "{\"Statement\":[{\"Action\":\"*\",\"Effect\":\"Allow\",\"Principal\":\"*\",\"Resource\":\"*\"}]}",
            "prefix_list_id": null,
            "private_dns_enabled": true,
            "requester_managed": false,
            "route_table_ids": [],
            "security_group_ids": [
              "sg-080cec9f75f0a6fd1",
              "sg-0b3bc898d796cce07"
            ],
            "service_name": "com.amazonaws.sa-east-1.ecr.api",
            "state": "available",
            "subnet_ids": [
              "subnet-0489be1815252a915",
              "subnet-08cd6709b0f6f8a91",
              "subnet-0a024ec1653a0a513"
            ],
            "tags": {
              "ambiente": "prod",
              "cost-center": "55210210",
              "funcao": "aws_vpc_endpoint-vpce_ecrapi",
              "funcionamento": "24x7",
              "owner": "Arquitetura",
              "workload": "ops-data-discovery"
            },
            "tags_all": {
              "ambiente": "prod",
              "cost-center": "55210210",
              "funcao": "aws_vpc_endpoint-vpce_ecrapi",
              "funcionamento": "24x7",
              "owner": "Arquitetura",
              "workload": "ops-data-discovery"
            },
            "timeouts": null,
            "vpc_endpoint_type": "Interface",
            "vpc_id": "vpc-01095b47e31dddb22"
          },
          "sensitive_attributes": [],
          "private": "eyJlMmJmYjczMC1lY2FhLTExZTYtOGY4OC0zNDM2M2JjN2M0YzAiOnsiY3JlYXRlIjo2MDAwMDAwMDAwMDAsImRlbGV0ZSI6NjAwMDAwMDAwMDAwLCJ1cGRhdGUiOjYwMDAwMDAwMDAwMH19",
          "dependencies": [
            "module.eks_cluster.aws_security_group.cluster",
            "module.eks_cluster.aws_security_group.node"
          ]
        }
      ]
    },
    {
      "mode": "managed",
      "type": "aws_vpc_endpoint",
      "name": "vpce_ecrdkr",
      "provider": "provider[\"registry.terraform.io/hashicorp/aws\"]",
      "instances": [
        {
          "schema_version": 0,
          "attributes": {
            "arn": "arn:aws:ec2:sa-east-1:978388149693:vpc-endpoint/vpce-068e891dee0df1b4a",
            "auto_accept": null,
            "cidr_blocks": [],
            "dns_entry": [
              {
                "dns_name": "vpce-068e891dee0df1b4a-d5mm8au9.dkr.ecr.sa-east-1.vpce.amazonaws.com",
                "hosted_zone_id": "Z2LXUWEVLCVZIB"
              },
              {
                "dns_name": "vpce-068e891dee0df1b4a-d5mm8au9-sa-east-1c.dkr.ecr.sa-east-1.vpce.amazonaws.com",
                "hosted_zone_id": "Z2LXUWEVLCVZIB"
              },
              {
                "dns_name": "vpce-068e891dee0df1b4a-d5mm8au9-sa-east-1a.dkr.ecr.sa-east-1.vpce.amazonaws.com",
                "hosted_zone_id": "Z2LXUWEVLCVZIB"
              },
              {
                "dns_name": "vpce-068e891dee0df1b4a-d5mm8au9-sa-east-1b.dkr.ecr.sa-east-1.vpce.amazonaws.com",
                "hosted_zone_id": "Z2LXUWEVLCVZIB"
              },
              {
                "dns_name": "dkr.ecr.sa-east-1.amazonaws.com",
                "hosted_zone_id": "Z0737547DRQTJQX33VTF"
              },
              {
                "dns_name": "*.dkr.ecr.sa-east-1.amazonaws.com",
                "hosted_zone_id": "Z0737547DRQTJQX33VTF"
              }
            ],
            "dns_options": [
              {
                "dns_record_ip_type": "ipv4"
              }
            ],
            "id": "vpce-068e891dee0df1b4a",
            "ip_address_type": "ipv4",
            "network_interface_ids": [
              "eni-021f4161c3a68776c",
              "eni-087f30efa26d1cc5d",
              "eni-0cbebd1606135ac98"
            ],
            "owner_id": "978388149693",
            "policy": "{\"Statement\":[{\"Action\":\"*\",\"Effect\":\"Allow\",\"Principal\":\"*\",\"Resource\":\"*\"}]}",
            "prefix_list_id": null,
            "private_dns_enabled": true,
            "requester_managed": false,
            "route_table_ids": [],
            "security_group_ids": [
              "sg-080cec9f75f0a6fd1",
              "sg-0b3bc898d796cce07"
            ],
            "service_name": "com.amazonaws.sa-east-1.ecr.dkr",
            "state": "available",
            "subnet_ids": [
              "subnet-0489be1815252a915",
              "subnet-08cd6709b0f6f8a91",
              "subnet-0a024ec1653a0a513"
            ],
            "tags": {
              "ambiente": "prod",
              "cost-center": "55210210",
              "funcao": "aws_vpc_endpoint-vpce_ecrdkr",
              "funcionamento": "24x7",
              "owner": "Arquitetura",
              "workload": "ops-data-discovery"
            },
            "tags_all": {
              "ambiente": "prod",
              "cost-center": "55210210",
              "funcao": "aws_vpc_endpoint-vpce_ecrdkr",
              "funcionamento": "24x7",
              "owner": "Arquitetura",
              "workload": "ops-data-discovery"
            },
            "timeouts": null,
            "vpc_endpoint_type": "Interface",
            "vpc_id": "vpc-01095b47e31dddb22"
          },
          "sensitive_attributes": [],
          "private": "eyJlMmJmYjczMC1lY2FhLTExZTYtOGY4OC0zNDM2M2JjN2M0YzAiOnsiY3JlYXRlIjo2MDAwMDAwMDAwMDAsImRlbGV0ZSI6NjAwMDAwMDAwMDAwLCJ1cGRhdGUiOjYwMDAwMDAwMDAwMH19",
          "dependencies": [
            "module.eks_cluster.aws_security_group.cluster",
            "module.eks_cluster.aws_security_group.node"
          ]
        }
      ]
    },
    {
      "mode": "managed",
      "type": "aws_vpc_endpoint",
      "name": "vpce_elb",
      "provider": "provider[\"registry.terraform.io/hashicorp/aws\"]",
      "instances": [
        {
          "schema_version": 0,
          "attributes": {
            "arn": "arn:aws:ec2:sa-east-1:978388149693:vpc-endpoint/vpce-037cc85722ccfaa5c",
            "auto_accept": null,
            "cidr_blocks": [],
            "dns_entry": [
              {
                "dns_name": "vpce-037cc85722ccfaa5c-hav8ugv5.elasticloadbalancing.sa-east-1.vpce.amazonaws.com",
                "hosted_zone_id": "Z2LXUWEVLCVZIB"
              },
              {
                "dns_name": "vpce-037cc85722ccfaa5c-hav8ugv5-sa-east-1b.elasticloadbalancing.sa-east-1.vpce.amazonaws.com",
                "hosted_zone_id": "Z2LXUWEVLCVZIB"
              },
              {
                "dns_name": "vpce-037cc85722ccfaa5c-hav8ugv5-sa-east-1c.elasticloadbalancing.sa-east-1.vpce.amazonaws.com",
                "hosted_zone_id": "Z2LXUWEVLCVZIB"
              },
              {
                "dns_name": "vpce-037cc85722ccfaa5c-hav8ugv5-sa-east-1a.elasticloadbalancing.sa-east-1.vpce.amazonaws.com",
                "hosted_zone_id": "Z2LXUWEVLCVZIB"
              },
              {
                "dns_name": "elasticloadbalancing.sa-east-1.amazonaws.com",
                "hosted_zone_id": "Z02245223I29ZZDL07UN7"
              }
            ],
            "dns_options": [
              {
                "dns_record_ip_type": "ipv4"
              }
            ],
            "id": "vpce-037cc85722ccfaa5c",
            "ip_address_type": "ipv4",
            "network_interface_ids": [
              "eni-03925e194f8b1fcf9",
              "eni-07315f0604ff4b477",
              "eni-07cc469d91fa12175"
            ],
            "owner_id": "978388149693",
            "policy": "{\"Statement\":[{\"Action\":\"*\",\"Effect\":\"Allow\",\"Principal\":\"*\",\"Resource\":\"*\"}]}",
            "prefix_list_id": null,
            "private_dns_enabled": true,
            "requester_managed": false,
            "route_table_ids": [],
            "security_group_ids": [
              "sg-080cec9f75f0a6fd1",
              "sg-0b3bc898d796cce07"
            ],
            "service_name": "com.amazonaws.sa-east-1.elasticloadbalancing",
            "state": "available",
            "subnet_ids": [
              "subnet-0489be1815252a915",
              "subnet-08cd6709b0f6f8a91",
              "subnet-0a024ec1653a0a513"
            ],
            "tags": {
              "ambiente": "prod",
              "cost-center": "55210210",
              "funcao": "aws_vpc_endpoint-vpce_elb",
              "funcionamento": "24x7",
              "owner": "Arquitetura",
              "workload": "ops-data-discovery"
            },
            "tags_all": {
              "ambiente": "prod",
              "cost-center": "55210210",
              "funcao": "aws_vpc_endpoint-vpce_elb",
              "funcionamento": "24x7",
              "owner": "Arquitetura",
              "workload": "ops-data-discovery"
            },
            "timeouts": null,
            "vpc_endpoint_type": "Interface",
            "vpc_id": "vpc-01095b47e31dddb22"
          },
          "sensitive_attributes": [],
          "private": "eyJlMmJmYjczMC1lY2FhLTExZTYtOGY4OC0zNDM2M2JjN2M0YzAiOnsiY3JlYXRlIjo2MDAwMDAwMDAwMDAsImRlbGV0ZSI6NjAwMDAwMDAwMDAwLCJ1cGRhdGUiOjYwMDAwMDAwMDAwMH19",
          "dependencies": [
            "module.eks_cluster.aws_security_group.cluster",
            "module.eks_cluster.aws_security_group.node"
          ]
        }
      ]
    },
    {
      "mode": "managed",
      "type": "aws_vpc_endpoint",
      "name": "vpce_logs",
      "provider": "provider[\"registry.terraform.io/hashicorp/aws\"]",
      "instances": [
        {
          "schema_version": 0,
          "attributes": {
            "arn": "arn:aws:ec2:sa-east-1:978388149693:vpc-endpoint/vpce-08517ba6bf383a42c",
            "auto_accept": null,
            "cidr_blocks": [],
            "dns_entry": [
              {
                "dns_name": "vpce-08517ba6bf383a42c-uai5vjmh.logs.sa-east-1.vpce.amazonaws.com",
                "hosted_zone_id": "Z2LXUWEVLCVZIB"
              },
              {
                "dns_name": "vpce-08517ba6bf383a42c-uai5vjmh-sa-east-1b.logs.sa-east-1.vpce.amazonaws.com",
                "hosted_zone_id": "Z2LXUWEVLCVZIB"
              },
              {
                "dns_name": "vpce-08517ba6bf383a42c-uai5vjmh-sa-east-1c.logs.sa-east-1.vpce.amazonaws.com",
                "hosted_zone_id": "Z2LXUWEVLCVZIB"
              },
              {
                "dns_name": "vpce-08517ba6bf383a42c-uai5vjmh-sa-east-1a.logs.sa-east-1.vpce.amazonaws.com",
                "hosted_zone_id": "Z2LXUWEVLCVZIB"
              },
              {
                "dns_name": "logs.sa-east-1.amazonaws.com",
                "hosted_zone_id": "Z05789102V2S20VH3322R"
              }
            ],
            "dns_options": [
              {
                "dns_record_ip_type": "ipv4"
              }
            ],
            "id": "vpce-08517ba6bf383a42c",
            "ip_address_type": "ipv4",
            "network_interface_ids": [
              "eni-0afee4f216d8e8ddb",
              "eni-0ca89a4cae67d3046",
              "eni-0d9e8ac39fea22450"
            ],
            "owner_id": "978388149693",
            "policy": "{\"Statement\":[{\"Action\":\"*\",\"Effect\":\"Allow\",\"Principal\":\"*\",\"Resource\":\"*\"}]}",
            "prefix_list_id": null,
            "private_dns_enabled": true,
            "requester_managed": false,
            "route_table_ids": [],
            "security_group_ids": [
              "sg-080cec9f75f0a6fd1",
              "sg-0b3bc898d796cce07"
            ],
            "service_name": "com.amazonaws.sa-east-1.logs",
            "state": "available",
            "subnet_ids": [
              "subnet-0489be1815252a915",
              "subnet-08cd6709b0f6f8a91",
              "subnet-0a024ec1653a0a513"
            ],
            "tags": {
              "ambiente": "prod",
              "cost-center": "55210210",
              "funcao": "aws_vpc_endpoint-vpce_logs",
              "funcionamento": "24x7",
              "owner": "Arquitetura",
              "workload": "ops-data-discovery"
            },
            "tags_all": {
              "ambiente": "prod",
              "cost-center": "55210210",
              "funcao": "aws_vpc_endpoint-vpce_logs",
              "funcionamento": "24x7",
              "owner": "Arquitetura",
              "workload": "ops-data-discovery"
            },
            "timeouts": null,
            "vpc_endpoint_type": "Interface",
            "vpc_id": "vpc-01095b47e31dddb22"
          },
          "sensitive_attributes": [],
          "private": "eyJlMmJmYjczMC1lY2FhLTExZTYtOGY4OC0zNDM2M2JjN2M0YzAiOnsiY3JlYXRlIjo2MDAwMDAwMDAwMDAsImRlbGV0ZSI6NjAwMDAwMDAwMDAwLCJ1cGRhdGUiOjYwMDAwMDAwMDAwMH19",
          "dependencies": [
            "module.eks_cluster.aws_security_group.cluster",
            "module.eks_cluster.aws_security_group.node"
          ]
        }
      ]
    },
    {
      "mode": "managed",
      "type": "aws_vpc_endpoint",
      "name": "vpce_s3_gw",
      "provider": "provider[\"registry.terraform.io/hashicorp/aws\"]",
      "instances": [
        {
          "schema_version": 0,
          "attributes": {
            "arn": "arn:aws:ec2:sa-east-1:978388149693:vpc-endpoint/vpce-09b484006610d6ccf",
            "auto_accept": null,
            "cidr_blocks": [
              "16.12.2.0/24",
              "3.5.232.0/22",
              "16.12.0.0/23",
              "52.95.163.0/24",
              "52.95.164.0/23"
            ],
            "dns_entry": [],
            "dns_options": [],
            "id": "vpce-09b484006610d6ccf",
            "ip_address_type": "",
            "network_interface_ids": [],
            "owner_id": "978388149693",
            "policy": "{\"Statement\":[{\"Action\":\"*\",\"Effect\":\"Allow\",\"Principal\":\"*\",\"Resource\":\"*\"}],\"Version\":\"2008-10-17\"}",
            "prefix_list_id": "pl-6aa54003",
            "private_dns_enabled": false,
            "requester_managed": false,
            "route_table_ids": [
              "rtb-08144d8dbf727da06"
            ],
            "security_group_ids": [],
            "service_name": "com.amazonaws.sa-east-1.s3",
            "state": "available",
            "subnet_ids": [],
            "tags": {
              "ambiente": "prod",
              "cost-center": "55210210",
              "funcao": "aws_vpc_endpoint-vpce_s3_gw",
              "funcionamento": "24x7",
              "owner": "Arquitetura",
              "workload": "ops-data-discovery"
            },
            "tags_all": {
              "ambiente": "prod",
              "cost-center": "55210210",
              "funcao": "aws_vpc_endpoint-vpce_s3_gw",
              "funcionamento": "24x7",
              "owner": "Arquitetura",
              "workload": "ops-data-discovery"
            },
            "timeouts": null,
            "vpc_endpoint_type": "Gateway",
            "vpc_id": "vpc-01095b47e31dddb22"
          },
          "sensitive_attributes": [],
          "private": "eyJlMmJmYjczMC1lY2FhLTExZTYtOGY4OC0zNDM2M2JjN2M0YzAiOnsiY3JlYXRlIjo2MDAwMDAwMDAwMDAsImRlbGV0ZSI6NjAwMDAwMDAwMDAwLCJ1cGRhdGUiOjYwMDAwMDAwMDAwMH19",
          "dependencies": [
            "data.aws_route_table.private-a",
            "data.aws_route_table.private-b",
            "data.aws_route_table.private-c"
          ]
        }
      ]
    },
    {
      "mode": "managed",
      "type": "aws_vpc_endpoint",
      "name": "vpce_ssm",
      "provider": "provider[\"registry.terraform.io/hashicorp/aws\"]",
      "instances": [
        {
          "schema_version": 0,
          "attributes": {
            "arn": "arn:aws:ec2:sa-east-1:978388149693:vpc-endpoint/vpce-0e74eca5b1919ac28",
            "auto_accept": null,
            "cidr_blocks": [],
            "dns_entry": [
              {
                "dns_name": "vpce-0e74eca5b1919ac28-ui3embce.ssm.sa-east-1.vpce.amazonaws.com",
                "hosted_zone_id": "Z2LXUWEVLCVZIB"
              },
              {
                "dns_name": "vpce-0e74eca5b1919ac28-ui3embce-sa-east-1a.ssm.sa-east-1.vpce.amazonaws.com",
                "hosted_zone_id": "Z2LXUWEVLCVZIB"
              },
              {
                "dns_name": "vpce-0e74eca5b1919ac28-ui3embce-sa-east-1c.ssm.sa-east-1.vpce.amazonaws.com",
                "hosted_zone_id": "Z2LXUWEVLCVZIB"
              },
              {
                "dns_name": "vpce-0e74eca5b1919ac28-ui3embce-sa-east-1b.ssm.sa-east-1.vpce.amazonaws.com",
                "hosted_zone_id": "Z2LXUWEVLCVZIB"
              },
              {
                "dns_name": "ssm.sa-east-1.amazonaws.com",
                "hosted_zone_id": "Z0745284H3J5BLHIP6WZ"
              }
            ],
            "dns_options": [
              {
                "dns_record_ip_type": "ipv4"
              }
            ],
            "id": "vpce-0e74eca5b1919ac28",
            "ip_address_type": "ipv4",
            "network_interface_ids": [
              "eni-0889b6da83b799507",
              "eni-0b65c0a3c9b733002",
              "eni-0f6f173a9f475f621"
            ],
            "owner_id": "978388149693",
            "policy": "{\"Statement\":[{\"Action\":\"*\",\"Effect\":\"Allow\",\"Principal\":\"*\",\"Resource\":\"*\"}]}",
            "prefix_list_id": null,
            "private_dns_enabled": true,
            "requester_managed": false,
            "route_table_ids": [],
            "security_group_ids": [
              "sg-080cec9f75f0a6fd1",
              "sg-0b3bc898d796cce07"
            ],
            "service_name": "com.amazonaws.sa-east-1.ssm",
            "state": "available",
            "subnet_ids": [
              "subnet-0489be1815252a915",
              "subnet-08cd6709b0f6f8a91",
              "subnet-0a024ec1653a0a513"
            ],
            "tags": {
              "ambiente": "prod",
              "cost-center": "55210210",
              "funcao": "aws_vpc_endpoint-vpce_ssm",
              "funcionamento": "24x7",
              "owner": "Arquitetura",
              "workload": "ops-data-discovery"
            },
            "tags_all": {
              "ambiente": "prod",
              "cost-center": "55210210",
              "funcao": "aws_vpc_endpoint-vpce_ssm",
              "funcionamento": "24x7",
              "owner": "Arquitetura",
              "workload": "ops-data-discovery"
            },
            "timeouts": null,
            "vpc_endpoint_type": "Interface",
            "vpc_id": "vpc-01095b47e31dddb22"
          },
          "sensitive_attributes": [],
          "private": "eyJlMmJmYjczMC1lY2FhLTExZTYtOGY4OC0zNDM2M2JjN2M0YzAiOnsiY3JlYXRlIjo2MDAwMDAwMDAwMDAsImRlbGV0ZSI6NjAwMDAwMDAwMDAwLCJ1cGRhdGUiOjYwMDAwMDAwMDAwMH19",
          "dependencies": [
            "module.eks_cluster.aws_security_group.cluster",
            "module.eks_cluster.aws_security_group.node"
          ]
        }
      ]
    },
    {
      "mode": "managed",
      "type": "aws_vpc_endpoint",
      "name": "vpce_ssmmessages",
      "provider": "provider[\"registry.terraform.io/hashicorp/aws\"]",
      "instances": [
        {
          "schema_version": 0,
          "attributes": {
            "arn": "arn:aws:ec2:sa-east-1:978388149693:vpc-endpoint/vpce-052b3ac846cf91083",
            "auto_accept": null,
            "cidr_blocks": [],
            "dns_entry": [
              {
                "dns_name": "vpce-052b3ac846cf91083-uuph445b.ssmmessages.sa-east-1.vpce.amazonaws.com",
                "hosted_zone_id": "Z2LXUWEVLCVZIB"
              },
              {
                "dns_name": "vpce-052b3ac846cf91083-uuph445b-sa-east-1c.ssmmessages.sa-east-1.vpce.amazonaws.com",
                "hosted_zone_id": "Z2LXUWEVLCVZIB"
              },
              {
                "dns_name": "vpce-052b3ac846cf91083-uuph445b-sa-east-1a.ssmmessages.sa-east-1.vpce.amazonaws.com",
                "hosted_zone_id": "Z2LXUWEVLCVZIB"
              },
              {
                "dns_name": "vpce-052b3ac846cf91083-uuph445b-sa-east-1b.ssmmessages.sa-east-1.vpce.amazonaws.com",
                "hosted_zone_id": "Z2LXUWEVLCVZIB"
              },
              {
                "dns_name": "ssmmessages.sa-east-1.amazonaws.com",
                "hosted_zone_id": "Z07376183M0R7QDISG3Q1"
              }
            ],
            "dns_options": [
              {
                "dns_record_ip_type": "ipv4"
              }
            ],
            "id": "vpce-052b3ac846cf91083",
            "ip_address_type": "ipv4",
            "network_interface_ids": [
              "eni-0b6aa1e13924cc2ad",
              "eni-0c644e4a170a079a7",
              "eni-0cf2c5d307bade9dc"
            ],
            "owner_id": "978388149693",
            "policy": "{\"Statement\":[{\"Action\":\"*\",\"Effect\":\"Allow\",\"Principal\":\"*\",\"Resource\":\"*\"}]}",
            "prefix_list_id": null,
            "private_dns_enabled": true,
            "requester_managed": false,
            "route_table_ids": [],
            "security_group_ids": [
              "sg-080cec9f75f0a6fd1",
              "sg-0b3bc898d796cce07"
            ],
            "service_name": "com.amazonaws.sa-east-1.ssmmessages",
            "state": "available",
            "subnet_ids": [
              "subnet-0489be1815252a915",
              "subnet-08cd6709b0f6f8a91",
              "subnet-0a024ec1653a0a513"
            ],
            "tags": {
              "ambiente": "prod",
              "cost-center": "55210210",
              "funcao": "aws_vpc_endpoint-vpce_ssmmessages",
              "funcionamento": "24x7",
              "owner": "Arquitetura",
              "workload": "ops-data-discovery"
            },
            "tags_all": {
              "ambiente": "prod",
              "cost-center": "55210210",
              "funcao": "aws_vpc_endpoint-vpce_ssmmessages",
              "funcionamento": "24x7",
              "owner": "Arquitetura",
              "workload": "ops-data-discovery"
            },
            "timeouts": null,
            "vpc_endpoint_type": "Interface",
            "vpc_id": "vpc-01095b47e31dddb22"
          },
          "sensitive_attributes": [],
          "private": "eyJlMmJmYjczMC1lY2FhLTExZTYtOGY4OC0zNDM2M2JjN2M0YzAiOnsiY3JlYXRlIjo2MDAwMDAwMDAwMDAsImRlbGV0ZSI6NjAwMDAwMDAwMDAwLCJ1cGRhdGUiOjYwMDAwMDAwMDAwMH19",
          "dependencies": [
            "module.eks_cluster.aws_security_group.cluster",
            "module.eks_cluster.aws_security_group.node"
          ]
        }
      ]
    },
    {
      "mode": "managed",
      "type": "aws_vpc_endpoint",
      "name": "vpce_sts",
      "provider": "provider[\"registry.terraform.io/hashicorp/aws\"]",
      "instances": [
        {
          "schema_version": 0,
          "attributes": {
            "arn": "arn:aws:ec2:sa-east-1:978388149693:vpc-endpoint/vpce-04931762b4e3a2647",
            "auto_accept": null,
            "cidr_blocks": [],
            "dns_entry": [
              {
                "dns_name": "vpce-04931762b4e3a2647-ch5qf84x.sts.sa-east-1.vpce.amazonaws.com",
                "hosted_zone_id": "Z2LXUWEVLCVZIB"
              },
              {
                "dns_name": "vpce-04931762b4e3a2647-ch5qf84x-sa-east-1c.sts.sa-east-1.vpce.amazonaws.com",
                "hosted_zone_id": "Z2LXUWEVLCVZIB"
              },
              {
                "dns_name": "vpce-04931762b4e3a2647-ch5qf84x-sa-east-1b.sts.sa-east-1.vpce.amazonaws.com",
                "hosted_zone_id": "Z2LXUWEVLCVZIB"
              },
              {
                "dns_name": "vpce-04931762b4e3a2647-ch5qf84x-sa-east-1a.sts.sa-east-1.vpce.amazonaws.com",
                "hosted_zone_id": "Z2LXUWEVLCVZIB"
              },
              {
                "dns_name": "sts.sa-east-1.amazonaws.com",
                "hosted_zone_id": "Z06846473AOQ2KKP8M7K8"
              }
            ],
            "dns_options": [
              {
                "dns_record_ip_type": "ipv4"
              }
            ],
            "id": "vpce-04931762b4e3a2647",
            "ip_address_type": "ipv4",
            "network_interface_ids": [
              "eni-0964f1e9967659d25",
              "eni-0d133bc37b2a3eb1a",
              "eni-0ea686d80fed0a657"
            ],
            "owner_id": "978388149693",
            "policy": "{\"Statement\":[{\"Action\":\"*\",\"Effect\":\"Allow\",\"Principal\":\"*\",\"Resource\":\"*\"}]}",
            "prefix_list_id": null,
            "private_dns_enabled": true,
            "requester_managed": false,
            "route_table_ids": [],
            "security_group_ids": [
              "sg-080cec9f75f0a6fd1",
              "sg-0b3bc898d796cce07"
            ],
            "service_name": "com.amazonaws.sa-east-1.sts",
            "state": "available",
            "subnet_ids": [
              "subnet-0489be1815252a915",
              "subnet-08cd6709b0f6f8a91",
              "subnet-0a024ec1653a0a513"
            ],
            "tags": {
              "ambiente": "prod",
              "cost-center": "55210210",
              "funcao": "aws_vpc_endpoint-vpce_sts",
              "funcionamento": "24x7",
              "owner": "Arquitetura",
              "workload": "ops-data-discovery"
            },
            "tags_all": {
              "ambiente": "prod",
              "cost-center": "55210210",
              "funcao": "aws_vpc_endpoint-vpce_sts",
              "funcionamento": "24x7",
              "owner": "Arquitetura",
              "workload": "ops-data-discovery"
            },
            "timeouts": null,
            "vpc_endpoint_type": "Interface",
            "vpc_id": "vpc-01095b47e31dddb22"
          },
          "sensitive_attributes": [],
          "private": "eyJlMmJmYjczMC1lY2FhLTExZTYtOGY4OC0zNDM2M2JjN2M0YzAiOnsiY3JlYXRlIjo2MDAwMDAwMDAwMDAsImRlbGV0ZSI6NjAwMDAwMDAwMDAwLCJ1cGRhdGUiOjYwMDAwMDAwMDAwMH19",
          "dependencies": [
            "module.eks_cluster.aws_security_group.cluster",
            "module.eks_cluster.aws_security_group.node"
          ]
        }
      ]
    },
    {
      "module": "module.efs",
      "mode": "managed",
      "type": "aws_efs_file_system",
      "name": "this",
      "provider": "provider[\"registry.terraform.io/hashicorp/aws\"]",
      "instances": [
        {
          "schema_version": 0,
          "attributes": {
            "arn": "arn:aws:elasticfilesystem:sa-east-1:978388149693:file-system/fs-06a405ccd2648a4c4",
            "availability_zone_id": "",
            "availability_zone_name": "",
            "creation_token": "fs-prd-ops-data-discovery",
            "dns_name": "fs-06a405ccd2648a4c4.efs.sa-east-1.amazonaws.com",
            "encrypted": true,
            "id": "fs-06a405ccd2648a4c4",
            "kms_key_id": "arn:aws:kms:sa-east-1:978388149693:key/f316c41e-61f5-4c1a-80c2-207c3677a95f",
            "lifecycle_policy": [],
            "number_of_mount_targets": 1,
            "owner_id": "978388149693",
            "performance_mode": "generalPurpose",
            "provisioned_throughput_in_mibps": 0,
            "size_in_bytes": [
              {
                "value": 6144,
                "value_in_ia": 0,
                "value_in_standard": 6144
              }
            ],
            "tags": {
              "Name": "fs-prd-ops-data-discovery",
              "ambiente": "prod",
              "cost-center": "55210210",
              "funcao": "efs",
              "funcionamento": "24x7",
              "owner": "Arquitetura",
              "workload": "ops-data-discovery"
            },
            "tags_all": {
              "Name": "fs-prd-ops-data-discovery",
              "ambiente": "prod",
              "cost-center": "55210210",
              "funcao": "efs",
              "funcionamento": "24x7",
              "owner": "Arquitetura",
              "workload": "ops-data-discovery"
            },
            "throughput_mode": "bursting"
          },
          "sensitive_attributes": [],
          "private": "bnVsbA=="
        }
      ]
    },
    {
      "module": "module.efs",
      "mode": "managed",
      "type": "aws_efs_mount_target",
      "name": "this",
      "provider": "provider[\"registry.terraform.io/hashicorp/aws\"]",
      "instances": [
        {
          "schema_version": 0,
          "attributes": {
            "availability_zone_id": "sae1-az1",
            "availability_zone_name": "sa-east-1a",
            "dns_name": "fs-06a405ccd2648a4c4.efs.sa-east-1.amazonaws.com",
            "file_system_arn": "arn:aws:elasticfilesystem:sa-east-1:978388149693:file-system/fs-06a405ccd2648a4c4",
            "file_system_id": "fs-06a405ccd2648a4c4",
            "id": "fsmt-0c1f9ada601fa0fc4",
            "ip_address": "10.44.16.137",
            "mount_target_dns_name": "sa-east-1a.fs-06a405ccd2648a4c4.efs.sa-east-1.amazonaws.com",
            "network_interface_id": "eni-089bf3a93470a860c",
            "owner_id": "978388149693",
            "security_groups": [
              "sg-08ec9dced682b67aa"
            ],
            "subnet_id": "subnet-08cd6709b0f6f8a91"
          },
          "sensitive_attributes": [],
          "private": "bnVsbA==",
          "dependencies": [
            "module.efs.aws_efs_file_system.this"
          ]
        }
      ]
    },
    {
      "module": "module.eks_cluster",
      "mode": "data",
      "type": "aws_caller_identity",
      "name": "current",
      "provider": "provider[\"registry.terraform.io/hashicorp/aws\"].digio-onetrust",
      "instances": [
        {
          "schema_version": 0,
          "attributes": {
            "account_id": "978388149693",
            "arn": "arn:aws:sts::978388149693:assumed-role/C2G-N3/aws-go-sdk-1675710596429641000",
            "id": "978388149693",
            "user_id": "AROA6HTD2MW65LKMFSDN2:aws-go-sdk-1675710596429641000"
          },
          "sensitive_attributes": []
        }
      ]
    },
    {
      "module": "module.eks_cluster",
      "mode": "data",
      "type": "aws_iam_policy_document",
      "name": "assume_role_policy",
      "provider": "provider[\"registry.terraform.io/hashicorp/aws\"].digio-onetrust",
      "instances": [
        {
          "index_key": 0,
          "schema_version": 0,
          "attributes": {
            "id": "2764486067",
            "json": "{\n  \"Version\": \"2012-10-17\",\n  \"Statement\": [\n    {\n      \"Sid\": \"EKSClusterAssumeRole\",\n      \"Effect\": \"Allow\",\n      \"Action\": \"sts:AssumeRole\",\n      \"Principal\": {\n        \"Service\": \"eks.amazonaws.com\"\n      }\n    }\n  ]\n}",
            "override_json": null,
            "override_policy_documents": null,
            "policy_id": null,
            "source_json": null,
            "source_policy_documents": null,
            "statement": [
              {
                "actions": [
                  "sts:AssumeRole"
                ],
                "condition": [],
                "effect": "Allow",
                "not_actions": [],
                "not_principals": [],
                "not_resources": [],
                "principals": [
                  {
                    "identifiers": [
                      "eks.amazonaws.com"
                    ],
                    "type": "Service"
                  }
                ],
                "resources": [],
                "sid": "EKSClusterAssumeRole"
              }
            ],
            "version": "2012-10-17"
          },
          "sensitive_attributes": []
        }
      ]
    },
    {
      "module": "module.eks_cluster",
      "mode": "data",
      "type": "aws_partition",
      "name": "current",
      "provider": "provider[\"registry.terraform.io/hashicorp/aws\"].digio-onetrust",
      "instances": [
        {
          "schema_version": 0,
          "attributes": {
            "dns_suffix": "amazonaws.com",
            "id": "aws",
            "partition": "aws",
            "reverse_dns_prefix": "com.amazonaws"
          },
          "sensitive_attributes": []
        }
      ]
    },
    {
      "module": "module.eks_cluster",
      "mode": "data",
      "type": "tls_certificate",
      "name": "this",
      "provider": "provider[\"registry.terraform.io/hashicorp/tls\"]",
      "instances": [
        {
          "index_key": 0,
          "schema_version": 0,
          "attributes": {
            "certificates": [
              {
                "cert_pem": "-----BEGIN CERTIFICATE-----\nMIIEdTCCA12gAwIBAgIJAKcOSkw0grd/MA0GCSqGSIb3DQEBCwUAMGgxCzAJBgNV\nBAYTAlVTMSUwIwYDVQQKExxTdGFyZmllbGQgVGVjaG5vbG9naWVzLCBJbmMuMTIw\nMAYDVQQLEylTdGFyZmllbGQgQ2xhc3MgMiBDZXJ0aWZpY2F0aW9uIEF1dGhvcml0\neTAeFw0wOTA5MDIwMDAwMDBaFw0zNDA2MjgxNzM5MTZaMIGYMQswCQYDVQQGEwJV\nUzEQMA4GA1UECBMHQXJpem9uYTETMBEGA1UEBxMKU2NvdHRzZGFsZTElMCMGA1UE\nChMcU3RhcmZpZWxkIFRlY2hub2xvZ2llcywgSW5jLjE7MDkGA1UEAxMyU3RhcmZp\nZWxkIFNlcnZpY2VzIFJvb3QgQ2VydGlmaWNhdGUgQXV0aG9yaXR5IC0gRzIwggEi\nMA0GCSqGSIb3DQEBAQUAA4IBDwAwggEKAoIBAQDVDDrEKvlO4vW+GZdfjohTsR8/\ny8+fIBNtKTrID30892t2OGPZNmCom15cAICyL1l/9of5JUOG52kbUpqQ4XHj2C0N\nTm/2yEnZtvMaVq4rtnQU68/7JuMauh2WLmo7WJSJR1b/JaCTcFOD2oR0FMNnngRo\nOt+OQFodSk7PQ5E751bWAHDLUu57fa4657wx+UX2wmDPE1kCK4DMNEffud6QZW0C\nzyyRpqbn3oUYSXxmTqM6bam17jQuug0DuDPfR+uxa40l2ZvOgdFFRjKWcIfeAg5J\nQ4W2bHO7ZOphQazJ1FTfhy/HIrImzJ9ZVGif/L4qL8RVHHVAYBeFAlU5i38FAgMB\nAAGjgfAwge0wDwYDVR0TAQH/BAUwAwEB/zAOBgNVHQ8BAf8EBAMCAYYwHQYDVR0O\nBBYEFJxfAN+qAdcwKziIorhtSpzyEZGDMB8GA1UdIwQYMBaAFL9ft9HO3R+G9FtV\nrNzXEMIOqYjnME8GCCsGAQUFBwEBBEMwQTAcBggrBgEFBQcwAYYQaHR0cDovL28u\nc3MyLnVzLzAhBggrBgEFBQcwAoYVaHR0cDovL3guc3MyLnVzL3guY2VyMCYGA1Ud\nHwQfMB0wG6AZoBeGFWh0dHA6Ly9zLnNzMi51cy9yLmNybDARBgNVHSAECjAIMAYG\nBFUdIAAwDQYJKoZIhvcNAQELBQADggEBACMd44pXyn3pF3lM8R5V/cxTbj5HD9/G\nVfKyBDbtgB9TxF00KGu+x1X8Z+rLP3+QsjPNG1gQggL4+C/1E2DUBc7xgQjB3ad1\nl08YuW3e95ORCLp+QCztweq7dp4zBncdDQh/U90bZKuCJ/Fp1U1ervShw3WnWEQt\n8jxwmKy6abaVd38PMV4s/KCHOkdp8Hlf9BRUpJVeEXgSYCfOn8J3/yNTd126/+pZ\n59vPr5KW7ySaNRB6nJHGDn2Z9j8Z3/VyVOEVqQdZe4O/Ui5GjLIAZHYcSNPYeehu\nVsyuLAOQ1xk4meTKCRlb/weWsKh/NEnfVqn3sF/tM+2MR7cwA130A4w=\n-----END CERTIFICATE-----\n",
                "is_ca": true,
                "issuer": "OU=Starfield Class 2 Certification Authority,O=Starfield Technologies\\, Inc.,C=US",
                "not_after": "2034-06-28T17:39:16Z",
                "not_before": "2009-09-02T00:00:00Z",
                "public_key_algorithm": "RSA",
                "serial_number": "12037640545166866303",
                "sha1_fingerprint": "9e99a48a9960b14926bb7f3b02e22da2b0ab7280",
                "signature_algorithm": "SHA256-RSA",
                "subject": "CN=Starfield Services Root Certificate Authority - G2,O=Starfield Technologies\\, Inc.,L=Scottsdale,ST=Arizona,C=US",
                "version": 3
              },
              {
                "cert_pem": "-----BEGIN CERTIFICATE-----\nMIIEkjCCA3qgAwIBAgITBn+USionzfP6wq4rAfkI7rnExjANBgkqhkiG9w0BAQsF\nADCBmDELMAkGA1UEBhMCVVMxEDAOBgNVBAgTB0FyaXpvbmExEzARBgNVBAcTClNj\nb3R0c2RhbGUxJTAjBgNVBAoTHFN0YXJmaWVsZCBUZWNobm9sb2dpZXMsIEluYy4x\nOzA5BgNVBAMTMlN0YXJmaWVsZCBTZXJ2aWNlcyBSb290IENlcnRpZmljYXRlIEF1\ndGhvcml0eSAtIEcyMB4XDTE1MDUyNTEyMDAwMFoXDTM3MTIzMTAxMDAwMFowOTEL\nMAkGA1UEBhMCVVMxDzANBgNVBAoTBkFtYXpvbjEZMBcGA1UEAxMQQW1hem9uIFJv\nb3QgQ0EgMTCCASIwDQYJKoZIhvcNAQEBBQADggEPADCCAQoCggEBALJ4gHHKeNXj\nca9HgFB0fW7Y14h29Jlo91ghYPl0hAEvrAIthtOgQ3pOsqTQNroBvo3bSMgHFzZM\n9O6II8c+6zf1tRn4SWiw3te5djgdYZ6k/oI2peVKVuRF4fn9tBb6dNqcmzU5L/qw\nIFAGbHrQgLKm+a/sRxmPUDgH3KKHOVj4utWp+UhnMJbulHheb4mjUcAwhmahRWa6\nVOujw5H5SNz/0egwLX0tdHA114gk957EWW67c4cX8jJGKLhD+rcdqsq08p8kDi1L\n93FcXmn/6pUCyziKrlA4b9v7LWIbxcceVOF34GfID5yHI9Y/QCB/IIDEgEw+OyQm\njgSubJrIqg0CAwEAAaOCATEwggEtMA8GA1UdEwEB/wQFMAMBAf8wDgYDVR0PAQH/\nBAQDAgGGMB0GA1UdDgQWBBSEGMyFNOy8DJSULghZnMeyEE4KCDAfBgNVHSMEGDAW\ngBScXwDfqgHXMCs4iKK4bUqc8hGRgzB4BggrBgEFBQcBAQRsMGowLgYIKwYBBQUH\nMAGGImh0dHA6Ly9vY3NwLnJvb3RnMi5hbWF6b250cnVzdC5jb20wOAYIKwYBBQUH\nMAKGLGh0dHA6Ly9jcnQucm9vdGcyLmFtYXpvbnRydXN0LmNvbS9yb290ZzIuY2Vy\nMD0GA1UdHwQ2MDQwMqAwoC6GLGh0dHA6Ly9jcmwucm9vdGcyLmFtYXpvbnRydXN0\nLmNvbS9yb290ZzIuY3JsMBEGA1UdIAQKMAgwBgYEVR0gADANBgkqhkiG9w0BAQsF\nAAOCAQEAYjdCXLwQtT6LLOkMm2xF4gcAevnFWAu5CIw+7bMlPLVvUOTNNWqnkzSW\nMiGpSESrnO09tKpzbeR/FoCJbM8oAxiDR3mjEH4wW6w7sGDgd9QIpuEdfF7Au/ma\neyKdpwAJfqxGF4PcnCZXmTA5YpaP7dreqsXMGz7KQ2hsVxa81Q4gLv7/wmpdLqBK\nbRRYh5TmOTFffHPLkIhqhBGWJ6bt2YFGpn6jcgAKUj6DiAdjd4lpFw85hdKrCEVN\n0FE6/V1dN2RMfjCyVSRCnTawXZwXgWHxyvkQAiSr6w10kY17RSlQOYiypok1JR4U\nakcjMS9cmvqtmg5iUaQqqcT5NJ0hGA==\n-----END CERTIFICATE-----\n",
                "is_ca": true,
                "issuer": "CN=Starfield Services Root Certificate Authority - G2,O=Starfield Technologies\\, Inc.,L=Scottsdale,ST=Arizona,C=US",
                "not_after": "2037-12-31T01:00:00Z",
                "not_before": "2015-05-25T12:00:00Z",
                "public_key_algorithm": "RSA",
                "serial_number": "144918191876577076464031512351042010504348870",
                "sha1_fingerprint": "06b25927c42a721631c1efd9431e648fa62e1e39",
                "signature_algorithm": "SHA256-RSA",
                "subject": "CN=Amazon Root CA 1,O=Amazon,C=US",
                "version": 3
              },
              {
                "cert_pem": "-----BEGIN CERTIFICATE-----\nMIIEXjCCA0agAwIBAgITB3MSSkvL1E7HtTvq8ZSELToPoTANBgkqhkiG9w0BAQsF\nADA5MQswCQYDVQQGEwJVUzEPMA0GA1UEChMGQW1hem9uMRkwFwYDVQQDExBBbWF6\nb24gUm9vdCBDQSAxMB4XDTIyMDgyMzIyMjUzMFoXDTMwMDgyMzIyMjUzMFowPDEL\nMAkGA1UEBhMCVVMxDzANBgNVBAoTBkFtYXpvbjEcMBoGA1UEAxMTQW1hem9uIFJT\nQSAyMDQ4IE0wMjCCASIwDQYJKoZIhvcNAQEBBQADggEPADCCAQoCggEBALtDGMZa\nqHneKei1by6+pUPPLljTB143Si6VpEWPc6mSkFhZb/6qrkZyoHlQLbDYnI2D7hD0\nsdzEqfnuAjIsuXQLG3A8TvX6V3oFNBFVe8NlLJHvBseKY88saLwufxkZVwk74g4n\nWlNMXzla9Y5F3wwRHwMVH443xGz6UtGSZSqQ94eFx5X7Tlqt8whi8qCaKdZ5rNak\n+r9nUThOeClqFd4oXych//Rc7Y0eX1KNWHYSI1Nk31mYgiK3JvH063g+K9tHA63Z\neTgKgndlh+WI+zv7i44HepRZjA1FYwYZ9Vv/9UkC5Yz8/yU65fgjaE+wVHM4e/Yy\nC2osrPWE7gJ+dXMCAwEAAaOCAVowggFWMBIGA1UdEwEB/wQIMAYBAf8CAQAwDgYD\nVR0PAQH/BAQDAgGGMB0GA1UdJQQWMBQGCCsGAQUFBwMBBggrBgEFBQcDAjAdBgNV\nHQ4EFgQUwDFSzVpQw4J8dHHOy+mc+XrrguIwHwYDVR0jBBgwFoAUhBjMhTTsvAyU\nlC4IWZzHshBOCggwewYIKwYBBQUHAQEEbzBtMC8GCCsGAQUFBzABhiNodHRwOi8v\nb2NzcC5yb290Y2ExLmFtYXpvbnRydXN0LmNvbTA6BggrBgEFBQcwAoYuaHR0cDov\nL2NydC5yb290Y2ExLmFtYXpvbnRydXN0LmNvbS9yb290Y2ExLmNlcjA/BgNVHR8E\nODA2MDSgMqAwhi5odHRwOi8vY3JsLnJvb3RjYTEuYW1hem9udHJ1c3QuY29tL3Jv\nb3RjYTEuY3JsMBMGA1UdIAQMMAowCAYGZ4EMAQIBMA0GCSqGSIb3DQEBCwUAA4IB\nAQAtTi6Fs0Azfi+iwm7jrz+CSxHH+uHl7Law3MQSXVtR8RV53PtR6r/6gNpqlzdo\nZq4FKbADi1v9Bun8RY8D51uedRfjsbeodizeBB8nXmeyD33Ep7VATj4ozcd31YFV\nfgRhvTSxNrrTlNpWkUk0m3BMPv8sg381HhA6uEYokE5q9uws/3YkKqRiEz3TsaWm\nJqIRZhMbgAfp7O7FUwFIb7UIspogZSKxPIWJpxiPo3TcBambbVtQOcNRWz5qCQdD\nslI2yayq0n2TXoHyNCLEH8rpsJRVILFsg0jc7BaFrMnF462+ajSehgj12IidNeRN\n4zl+EoNaWdpnWndvSpAEkq2P\n-----END CERTIFICATE-----\n",
                "is_ca": true,
                "issuer": "CN=Amazon Root CA 1,O=Amazon,C=US",
                "not_after": "2030-08-23T22:25:30Z",
                "not_before": "2022-08-23T22:25:30Z",
                "public_key_algorithm": "RSA",
                "serial_number": "166129353110899469622597955040406457904926625",
                "sha1_fingerprint": "414a2060b738c635cc7fc243e052615592830c53",
                "signature_algorithm": "SHA256-RSA",
                "subject": "CN=Amazon RSA 2048 M02,O=Amazon,C=US",
                "version": 3
              },
              {
                "cert_pem": "-----BEGIN CERTIFICATE-----\nMIIF7DCCBNSgAwIBAgIQCAXvfoPE8AT1f4t4CanoCjANBgkqhkiG9w0BAQsFADA8\nMQswCQYDVQQGEwJVUzEPMA0GA1UEChMGQW1hem9uMRwwGgYDVQQDExNBbWF6b24g\nUlNBIDIwNDggTTAyMB4XDTIzMDIwMzAwMDAwMFoXDTIzMDYxMzIzNTk1OVowKzEp\nMCcGA1UEAxMgb2lkYy5la3Muc2EtZWFzdC0xLmFtYXpvbmF3cy5jb20wggEiMA0G\nCSqGSIb3DQEBAQUAA4IBDwAwggEKAoIBAQDfEmeviACK8PVTxmvzwgk7f5WTIxYb\njJhjql+p4Jnwr41WxDjKS9PlRghfjr2eKrLzlGkvuDcNtEUK3ZKlHdCdcOoxP7iy\nbY5vdkynkYFhZtMaxbZwRWwDhGQ/Wx/RPVBHge4lzvatHRxhIZyMKe4KXlSKqMQr\nUVJpIp/k2eK3j59RnvfRCYexvgArk94ZkI6tDnTHd8+wIGphxMk4tyd16wCLke/L\nPlxr08+1cK7TIeFLNofmGkUnQOdIw8MzPM/Cz/t7LxyUHRVOwfX9oa4mBkv+ghWp\naUjIJ2aBG/xTbJFQVoDCPmLVYXs/XxlFkqqxs8Ui6VpoQmZl57GxFhV1AgMBAAGj\nggL5MIIC9TAfBgNVHSMEGDAWgBTAMVLNWlDDgnx0cc7L6Zz5euuC4jAdBgNVHQ4E\nFgQU5ozxRcbwsGFn2CGeZ+3661SCRq4wKwYDVR0RBCQwIoIgb2lkYy5la3Muc2Et\nZWFzdC0xLmFtYXpvbmF3cy5jb20wDgYDVR0PAQH/BAQDAgWgMB0GA1UdJQQWMBQG\nCCsGAQUFBwMBBggrBgEFBQcDAjA7BgNVHR8ENDAyMDCgLqAshipodHRwOi8vY3Js\nLnIybTAyLmFtYXpvbnRydXN0LmNvbS9yMm0wMi5jcmwwEwYDVR0gBAwwCjAIBgZn\ngQwBAgEwdQYIKwYBBQUHAQEEaTBnMC0GCCsGAQUFBzABhiFodHRwOi8vb2NzcC5y\nMm0wMi5hbWF6b250cnVzdC5jb20wNgYIKwYBBQUHMAKGKmh0dHA6Ly9jcnQucjJt\nMDIuYW1hem9udHJ1c3QuY29tL3IybTAyLmNlcjAMBgNVHRMBAf8EAjAAMIIBfgYK\nKwYBBAHWeQIEAgSCAW4EggFqAWgAdgDoPtDaPvUGNTLnVyi8iWvJA9PL0RFr7Otp\n4Xd9bQa9bgAAAYYZn9bLAAAEAwBHMEUCICtM0qnfBF6ibmRRtOQVoWpEV2sCrHIk\n2RmeQTsA/8XgAiEAhkiwoF0sla+EEI6ueJ49NgGkaq0jfCUamloHnQqSq+8AdQCz\nc3cH4YRQ+GOG1gWp3BEJSnktsWcMC4fc8AMOeTalmgAAAYYZn9cxAAAEAwBGMEQC\nIHa5JQE/BKgqc9SUYwRHuIISUoWqRUHnIu98HL1IOjLCAiA+1rauoPC6XCKvvT5c\nZnDMxjUj/IZyi1DvX0K2U9HUMgB3ALc++yTfnE26dfI5xbpY9Gxd/ELPep81xJ4d\nCYEl7bSZAAABhhmf1v8AAAQDAEgwRgIhAJqAKW27pmhiw/7WT3Y0hqO8CwvbssnP\nyiVCRjcvxVdYAiEAuWNBvvsMFQRfqKuwT0W+0aFXBHzs8SmPbPeoBJTk2Y8wDQYJ\nKoZIhvcNAQELBQADggEBABRMx8MdUD6N5HMRQxXSbMlFy2InQrGSH/1mS2g+jlfS\nLP+NO0OZXGwxJyWHAiQ29SrNqbju/B0aTe1R0pPcQDJfYy6Kl+FmGbAgk09Ca1+c\n0poQmATiKFPHH6pdyDJ2gUZcUIWLM2nhN324pa2GClEwo2gZ2Hop0LRVo1syg8vm\nO86nx9PUkwbi1O+iXoO4IyZXJctnOPt+fFuJthwOp7X/zO1qeOn2Ad8yvbac48sD\nJvmr+qPlkFOAIGT6Xs4B7y6fNhZI5KV4h/l9GA9nmjrtp3naTsS2JiQZDLsiCBn9\ntLNKG03ltYPrjreVqPBkigT9W5vyu0waFoPw12ZfRGQ=\n-----END CERTIFICATE-----\n",
                "is_ca": false,
                "issuer": "CN=Amazon RSA 2048 M02,O=Amazon,C=US",
                "not_after": "2023-06-13T23:59:59Z",
                "not_before": "2023-02-03T00:00:00Z",
                "public_key_algorithm": "RSA",
                "serial_number": "10664642969996369874584516683371243530",
                "sha1_fingerprint": "9b62b8d8183bd8f8739fd631444235f8b6174463",
                "signature_algorithm": "SHA256-RSA",
                "subject": "CN=oidc.eks.sa-east-1.amazonaws.com",
                "version": 3
              }
            ],
            "content": null,
            "id": "4bc50c49d8b36e303ee999c7afc939f7e54bc256",
            "url": "https://oidc.eks.sa-east-1.amazonaws.com/id/B0ADD6D7F16D42127DEDCC3A76E1756F",
            "verify_chain": true
          },
          "sensitive_attributes": []
        }
      ]
    },
    {
      "module": "module.eks_cluster",
      "mode": "managed",
      "type": "aws_cloudwatch_log_group",
      "name": "this",
      "provider": "provider[\"registry.terraform.io/hashicorp/aws\"].digio-onetrust",
      "instances": [
        {
          "index_key": 0,
          "schema_version": 0,
          "attributes": {
            "arn": "arn:aws:logs:sa-east-1:978388149693:log-group:/aws/eks/prd-ops-data-discovery/cluster",
            "id": "/aws/eks/prd-ops-data-discovery/cluster",
            "kms_key_id": "",
            "name": "/aws/eks/prd-ops-data-discovery/cluster",
            "name_prefix": "",
            "retention_in_days": 90,
            "skip_destroy": false,
            "tags": {
              "ambiente": "prod",
              "cost-center": "55210210",
              "funcao": "eks",
              "funcionamento": "24x7",
              "owner": "Arquitetura",
              "workload": "ops-data-discovery"
            },
            "tags_all": {
              "ambiente": "prod",
              "cost-center": "55210210",
              "funcao": "eks",
              "funcionamento": "24x7",
              "owner": "Arquitetura",
              "workload": "ops-data-discovery"
            }
          },
          "sensitive_attributes": [],
          "private": "bnVsbA==",
          "create_before_destroy": true
        }
      ]
    },
    {
      "module": "module.eks_cluster",
      "mode": "managed",
      "type": "aws_ec2_tag",
      "name": "cluster_primary_security_group",
      "provider": "provider[\"registry.terraform.io/hashicorp/aws\"].digio-onetrust",
      "instances": [
        {
          "index_key": "ambiente",
          "schema_version": 0,
          "attributes": {
            "id": "sg-0cd9e75cfe15ccf7b,ambiente",
            "key": "ambiente",
            "resource_id": "sg-0cd9e75cfe15ccf7b",
            "value": "prod"
          },
          "sensitive_attributes": [],
          "private": "bnVsbA==",
          "dependencies": [
            "module.eks_cluster.aws_cloudwatch_log_group.this",
            "module.eks_cluster.aws_eks_cluster.this",
            "module.eks_cluster.aws_iam_role.this",
            "module.eks_cluster.aws_iam_role_policy_attachment.this",
            "module.eks_cluster.aws_security_group.cluster",
            "module.eks_cluster.aws_security_group.node",
            "module.eks_cluster.aws_security_group_rule.cluster",
            "module.eks_cluster.aws_security_group_rule.node",
            "module.eks_cluster.data.aws_iam_policy_document.assume_role_policy",
            "module.eks_cluster.data.aws_partition.current",
            "module.eks_cluster.module.kms.aws_kms_external_key.this",
            "module.eks_cluster.module.kms.aws_kms_key.this",
            "module.eks_cluster.module.kms.data.aws_caller_identity.current",
            "module.eks_cluster.module.kms.data.aws_iam_policy_document.k_policy"
          ]
        },
        {
          "index_key": "cost-center",
          "schema_version": 0,
          "attributes": {
            "id": "sg-0cd9e75cfe15ccf7b,cost-center",
            "key": "cost-center",
            "resource_id": "sg-0cd9e75cfe15ccf7b",
            "value": "55210210"
          },
          "sensitive_attributes": [],
          "private": "bnVsbA==",
          "dependencies": [
            "module.eks_cluster.aws_cloudwatch_log_group.this",
            "module.eks_cluster.aws_eks_cluster.this",
            "module.eks_cluster.aws_iam_role.this",
            "module.eks_cluster.aws_iam_role_policy_attachment.this",
            "module.eks_cluster.aws_security_group.cluster",
            "module.eks_cluster.aws_security_group.node",
            "module.eks_cluster.aws_security_group_rule.cluster",
            "module.eks_cluster.aws_security_group_rule.node",
            "module.eks_cluster.data.aws_iam_policy_document.assume_role_policy",
            "module.eks_cluster.data.aws_partition.current",
            "module.eks_cluster.module.kms.aws_kms_external_key.this",
            "module.eks_cluster.module.kms.aws_kms_key.this",
            "module.eks_cluster.module.kms.data.aws_caller_identity.current",
            "module.eks_cluster.module.kms.data.aws_iam_policy_document.k_policy"
          ]
        },
        {
          "index_key": "funcao",
          "schema_version": 0,
          "attributes": {
            "id": "sg-0cd9e75cfe15ccf7b,funcao",
            "key": "funcao",
            "resource_id": "sg-0cd9e75cfe15ccf7b",
            "value": "eks"
          },
          "sensitive_attributes": [],
          "private": "bnVsbA==",
          "dependencies": [
            "module.eks_cluster.aws_cloudwatch_log_group.this",
            "module.eks_cluster.aws_eks_cluster.this",
            "module.eks_cluster.aws_iam_role.this",
            "module.eks_cluster.aws_iam_role_policy_attachment.this",
            "module.eks_cluster.aws_security_group.cluster",
            "module.eks_cluster.aws_security_group.node",
            "module.eks_cluster.aws_security_group_rule.cluster",
            "module.eks_cluster.aws_security_group_rule.node",
            "module.eks_cluster.data.aws_iam_policy_document.assume_role_policy",
            "module.eks_cluster.data.aws_partition.current",
            "module.eks_cluster.module.kms.aws_kms_external_key.this",
            "module.eks_cluster.module.kms.aws_kms_key.this",
            "module.eks_cluster.module.kms.data.aws_caller_identity.current",
            "module.eks_cluster.module.kms.data.aws_iam_policy_document.k_policy"
          ]
        },
        {
          "index_key": "funcionamento",
          "schema_version": 0,
          "attributes": {
            "id": "sg-0cd9e75cfe15ccf7b,funcionamento",
            "key": "funcionamento",
            "resource_id": "sg-0cd9e75cfe15ccf7b",
            "value": "24x7"
          },
          "sensitive_attributes": [],
          "private": "bnVsbA==",
          "dependencies": [
            "module.eks_cluster.aws_cloudwatch_log_group.this",
            "module.eks_cluster.aws_eks_cluster.this",
            "module.eks_cluster.aws_iam_role.this",
            "module.eks_cluster.aws_iam_role_policy_attachment.this",
            "module.eks_cluster.aws_security_group.cluster",
            "module.eks_cluster.aws_security_group.node",
            "module.eks_cluster.aws_security_group_rule.cluster",
            "module.eks_cluster.aws_security_group_rule.node",
            "module.eks_cluster.data.aws_iam_policy_document.assume_role_policy",
            "module.eks_cluster.data.aws_partition.current",
            "module.eks_cluster.module.kms.aws_kms_external_key.this",
            "module.eks_cluster.module.kms.aws_kms_key.this",
            "module.eks_cluster.module.kms.data.aws_caller_identity.current",
            "module.eks_cluster.module.kms.data.aws_iam_policy_document.k_policy"
          ]
        },
        {
          "index_key": "owner",
          "schema_version": 0,
          "attributes": {
            "id": "sg-0cd9e75cfe15ccf7b,owner",
            "key": "owner",
            "resource_id": "sg-0cd9e75cfe15ccf7b",
            "value": "Arquitetura"
          },
          "sensitive_attributes": [],
          "private": "bnVsbA==",
          "dependencies": [
            "module.eks_cluster.aws_cloudwatch_log_group.this",
            "module.eks_cluster.aws_eks_cluster.this",
            "module.eks_cluster.aws_iam_role.this",
            "module.eks_cluster.aws_iam_role_policy_attachment.this",
            "module.eks_cluster.aws_security_group.cluster",
            "module.eks_cluster.aws_security_group.node",
            "module.eks_cluster.aws_security_group_rule.cluster",
            "module.eks_cluster.aws_security_group_rule.node",
            "module.eks_cluster.data.aws_iam_policy_document.assume_role_policy",
            "module.eks_cluster.data.aws_partition.current",
            "module.eks_cluster.module.kms.aws_kms_external_key.this",
            "module.eks_cluster.module.kms.aws_kms_key.this",
            "module.eks_cluster.module.kms.data.aws_caller_identity.current",
            "module.eks_cluster.module.kms.data.aws_iam_policy_document.k_policy"
          ]
        },
        {
          "index_key": "workload",
          "schema_version": 0,
          "attributes": {
            "id": "sg-0cd9e75cfe15ccf7b,workload",
            "key": "workload",
            "resource_id": "sg-0cd9e75cfe15ccf7b",
            "value": "ops-data-discovery"
          },
          "sensitive_attributes": [],
          "private": "bnVsbA==",
          "dependencies": [
            "module.eks_cluster.aws_cloudwatch_log_group.this",
            "module.eks_cluster.aws_eks_cluster.this",
            "module.eks_cluster.aws_iam_role.this",
            "module.eks_cluster.aws_iam_role_policy_attachment.this",
            "module.eks_cluster.aws_security_group.cluster",
            "module.eks_cluster.aws_security_group.node",
            "module.eks_cluster.aws_security_group_rule.cluster",
            "module.eks_cluster.aws_security_group_rule.node",
            "module.eks_cluster.data.aws_iam_policy_document.assume_role_policy",
            "module.eks_cluster.data.aws_partition.current",
            "module.eks_cluster.module.kms.aws_kms_external_key.this",
            "module.eks_cluster.module.kms.aws_kms_key.this",
            "module.eks_cluster.module.kms.data.aws_caller_identity.current",
            "module.eks_cluster.module.kms.data.aws_iam_policy_document.k_policy"
          ]
        }
      ]
    },
    {
      "module": "module.eks_cluster",
      "mode": "managed",
      "type": "aws_eks_addon",
      "name": "this",
      "provider": "provider[\"registry.terraform.io/hashicorp/aws\"].digio-onetrust",
      "instances": [
        {
          "index_key": "coredns",
          "status": "tainted",
          "schema_version": 0,
          "attributes": {
            "addon_name": "coredns",
            "addon_version": "v1.8.7-eksbuild.3",
            "arn": null,
            "cluster_name": "prd-ops-data-discovery",
            "created_at": null,
            "id": "prd-ops-data-discovery:coredns",
            "modified_at": null,
            "preserve": null,
            "resolve_conflicts": "OVERWRITE",
            "service_account_role_arn": null,
            "tags": {
              "ambiente": "prod",
              "cost-center": "55210210",
              "funcao": "eks",
              "funcionamento": "24x7",
              "owner": "Arquitetura",
              "workload": "ops-data-discovery"
            },
            "tags_all": {
              "ambiente": "prod",
              "cost-center": "55210210",
              "funcao": "eks",
              "funcionamento": "24x7",
              "owner": "Arquitetura",
              "workload": "ops-data-discovery"
            },
            "timeouts": null
          },
          "sensitive_attributes": [],
          "private": "eyJlMmJmYjczMC1lY2FhLTExZTYtOGY4OC0zNDM2M2JjN2M0YzAiOnsiY3JlYXRlIjoxMjAwMDAwMDAwMDAwLCJkZWxldGUiOjI0MDAwMDAwMDAwMDAsInVwZGF0ZSI6MTIwMDAwMDAwMDAwMH19",
          "dependencies": [
            "module.eks_cluster.aws_eks_cluster.this",
            "module.eks_cluster.aws_security_group.cluster",
            "module.eks_cluster.aws_security_group.node",
            "module.eks_cluster.module.eks_managed_node_group.aws_eks_node_group.this",
            "module.eks_cluster.module.eks_managed_node_group.aws_iam_role.this",
            "module.eks_cluster.module.eks_managed_node_group.aws_iam_role_policy_attachment.this",
            "module.eks_cluster.module.eks_managed_node_group.aws_launch_template.this",
            "module.eks_cluster.module.eks_managed_node_group.aws_security_group.this",
            "module.eks_cluster.module.eks_managed_node_group.aws_security_group_rule.this",
            "module.eks_cluster.module.eks_managed_node_group.data.aws_caller_identity.current",
            "module.eks_cluster.module.eks_managed_node_group.data.aws_iam_policy_document.assume_role_policy",
            "module.eks_cluster.module.eks_managed_node_group.data.aws_partition.current",
            "module.eks_cluster.module.eks_managed_node_group.module.user_data.data.cloudinit_config.linux_eks_managed_node_group",
            "module.eks_cluster.module.fargate_profile.aws_eks_fargate_profile.this",
            "module.eks_cluster.module.fargate_profile.aws_iam_role.this",
            "module.eks_cluster.module.fargate_profile.aws_iam_role_policy_attachment.this",
            "module.eks_cluster.module.fargate_profile.data.aws_caller_identity.current",
            "module.eks_cluster.module.fargate_profile.data.aws_iam_policy_document.assume_role_policy",
            "module.eks_cluster.module.fargate_profile.data.aws_partition.current",
            "module.eks_cluster.module.self_managed_node_group.aws_autoscaling_group.this",
            "module.eks_cluster.module.self_managed_node_group.aws_autoscaling_schedule.this",
            "module.eks_cluster.module.self_managed_node_group.aws_iam_instance_profile.this",
            "module.eks_cluster.module.self_managed_node_group.aws_iam_role.this",
            "module.eks_cluster.module.self_managed_node_group.aws_iam_role_policy_attachment.this",
            "module.eks_cluster.module.self_managed_node_group.aws_launch_template.this",
            "module.eks_cluster.module.self_managed_node_group.aws_security_group.this",
            "module.eks_cluster.module.self_managed_node_group.aws_security_group_rule.this",
            "module.eks_cluster.module.self_managed_node_group.data.aws_ami.eks_default",
            "module.eks_cluster.module.self_managed_node_group.data.aws_caller_identity.current",
            "module.eks_cluster.module.self_managed_node_group.data.aws_default_tags.current",
            "module.eks_cluster.module.self_managed_node_group.data.aws_iam_policy_document.assume_role_policy",
            "module.eks_cluster.module.self_managed_node_group.data.aws_partition.current",
            "module.eks_cluster.module.self_managed_node_group.module.user_data.data.cloudinit_config.linux_eks_managed_node_group"
          ]
        },
        {
          "index_key": "kube-proxy",
          "schema_version": 0,
          "attributes": {
            "addon_name": "kube-proxy",
            "addon_version": "v1.23.8-eksbuild.2",
            "arn": "arn:aws:eks:sa-east-1:978388149693:addon/prd-ops-data-discovery/kube-proxy/a2c30a45-70f3-7133-66f5-d5fbc0c34c5e",
            "cluster_name": "prd-ops-data-discovery",
            "created_at": "2023-02-02T23:51:32Z",
            "id": "prd-ops-data-discovery:kube-proxy",
            "modified_at": "2023-02-02T23:51:33Z",
            "preserve": null,
            "resolve_conflicts": "OVERWRITE",
            "service_account_role_arn": "",
            "tags": {
              "ambiente": "prod",
              "cost-center": "55210210",
              "funcao": "eks",
              "funcionamento": "24x7",
              "owner": "Arquitetura",
              "workload": "ops-data-discovery"
            },
            "tags_all": {
              "ambiente": "prod",
              "cost-center": "55210210",
              "funcao": "eks",
              "funcionamento": "24x7",
              "owner": "Arquitetura",
              "workload": "ops-data-discovery"
            },
            "timeouts": null
          },
          "sensitive_attributes": [],
          "private": "eyJlMmJmYjczMC1lY2FhLTExZTYtOGY4OC0zNDM2M2JjN2M0YzAiOnsiY3JlYXRlIjoxMjAwMDAwMDAwMDAwLCJkZWxldGUiOjI0MDAwMDAwMDAwMDAsInVwZGF0ZSI6MTIwMDAwMDAwMDAwMH19",
          "dependencies": [
            "module.eks_cluster.aws_cloudwatch_log_group.this",
            "module.eks_cluster.aws_eks_cluster.this",
            "module.eks_cluster.aws_iam_role.this",
            "module.eks_cluster.aws_iam_role_policy_attachment.this",
            "module.eks_cluster.aws_security_group.cluster",
            "module.eks_cluster.aws_security_group.node",
            "module.eks_cluster.aws_security_group_rule.cluster",
            "module.eks_cluster.aws_security_group_rule.node",
            "module.eks_cluster.data.aws_iam_policy_document.assume_role_policy",
            "module.eks_cluster.data.aws_partition.current",
            "module.eks_cluster.module.eks_managed_node_group.aws_eks_node_group.this",
            "module.eks_cluster.module.eks_managed_node_group.aws_iam_role.this",
            "module.eks_cluster.module.eks_managed_node_group.aws_iam_role_policy_attachment.this",
            "module.eks_cluster.module.eks_managed_node_group.aws_launch_template.this",
            "module.eks_cluster.module.eks_managed_node_group.aws_security_group.this",
            "module.eks_cluster.module.eks_managed_node_group.aws_security_group_rule.this",
            "module.eks_cluster.module.eks_managed_node_group.data.aws_caller_identity.current",
            "module.eks_cluster.module.eks_managed_node_group.data.aws_iam_policy_document.assume_role_policy",
            "module.eks_cluster.module.eks_managed_node_group.data.aws_partition.current",
            "module.eks_cluster.module.eks_managed_node_group.module.user_data.data.cloudinit_config.linux_eks_managed_node_group",
            "module.eks_cluster.module.fargate_profile.aws_eks_fargate_profile.this",
            "module.eks_cluster.module.fargate_profile.aws_iam_role.this",
            "module.eks_cluster.module.fargate_profile.aws_iam_role_policy_attachment.this",
            "module.eks_cluster.module.fargate_profile.data.aws_caller_identity.current",
            "module.eks_cluster.module.fargate_profile.data.aws_iam_policy_document.assume_role_policy",
            "module.eks_cluster.module.fargate_profile.data.aws_partition.current",
            "module.eks_cluster.module.kms.aws_kms_external_key.this",
            "module.eks_cluster.module.kms.aws_kms_key.this",
            "module.eks_cluster.module.kms.data.aws_caller_identity.current",
            "module.eks_cluster.module.kms.data.aws_iam_policy_document.k_policy",
            "module.eks_cluster.module.self_managed_node_group.aws_autoscaling_group.this",
            "module.eks_cluster.module.self_managed_node_group.aws_autoscaling_schedule.this",
            "module.eks_cluster.module.self_managed_node_group.aws_iam_instance_profile.this",
            "module.eks_cluster.module.self_managed_node_group.aws_iam_role.this",
            "module.eks_cluster.module.self_managed_node_group.aws_iam_role_policy_attachment.this",
            "module.eks_cluster.module.self_managed_node_group.aws_launch_template.this",
            "module.eks_cluster.module.self_managed_node_group.aws_security_group.this",
            "module.eks_cluster.module.self_managed_node_group.aws_security_group_rule.this",
            "module.eks_cluster.module.self_managed_node_group.data.aws_ami.eks_default",
            "module.eks_cluster.module.self_managed_node_group.data.aws_caller_identity.current",
            "module.eks_cluster.module.self_managed_node_group.data.aws_default_tags.current",
            "module.eks_cluster.module.self_managed_node_group.data.aws_iam_policy_document.assume_role_policy",
            "module.eks_cluster.module.self_managed_node_group.data.aws_partition.current",
            "module.eks_cluster.module.self_managed_node_group.module.user_data.data.cloudinit_config.linux_eks_managed_node_group"
          ]
        },
        {
          "index_key": "vpc-cni",
          "schema_version": 0,
          "attributes": {
            "addon_name": "vpc-cni",
            "addon_version": "v1.11.4-eksbuild.1",
            "arn": "arn:aws:eks:sa-east-1:978388149693:addon/prd-ops-data-discovery/vpc-cni/52c30a45-70eb-bfb9-2d1e-e2298f2afd6a",
            "cluster_name": "prd-ops-data-discovery",
            "created_at": "2023-02-02T23:51:32Z",
            "id": "prd-ops-data-discovery:vpc-cni",
            "modified_at": "2023-02-02T23:51:33Z",
            "preserve": null,
            "resolve_conflicts": "OVERWRITE",
            "service_account_role_arn": "",
            "tags": {
              "ambiente": "prod",
              "cost-center": "55210210",
              "funcao": "eks",
              "funcionamento": "24x7",
              "owner": "Arquitetura",
              "workload": "ops-data-discovery"
            },
            "tags_all": {
              "ambiente": "prod",
              "cost-center": "55210210",
              "funcao": "eks",
              "funcionamento": "24x7",
              "owner": "Arquitetura",
              "workload": "ops-data-discovery"
            },
            "timeouts": null
          },
          "sensitive_attributes": [],
          "private": "eyJlMmJmYjczMC1lY2FhLTExZTYtOGY4OC0zNDM2M2JjN2M0YzAiOnsiY3JlYXRlIjoxMjAwMDAwMDAwMDAwLCJkZWxldGUiOjI0MDAwMDAwMDAwMDAsInVwZGF0ZSI6MTIwMDAwMDAwMDAwMH19",
          "dependencies": [
            "module.eks_cluster.aws_cloudwatch_log_group.this",
            "module.eks_cluster.aws_eks_cluster.this",
            "module.eks_cluster.aws_iam_role.this",
            "module.eks_cluster.aws_iam_role_policy_attachment.this",
            "module.eks_cluster.aws_security_group.cluster",
            "module.eks_cluster.aws_security_group.node",
            "module.eks_cluster.aws_security_group_rule.cluster",
            "module.eks_cluster.aws_security_group_rule.node",
            "module.eks_cluster.data.aws_iam_policy_document.assume_role_policy",
            "module.eks_cluster.data.aws_partition.current",
            "module.eks_cluster.module.eks_managed_node_group.aws_eks_node_group.this",
            "module.eks_cluster.module.eks_managed_node_group.aws_iam_role.this",
            "module.eks_cluster.module.eks_managed_node_group.aws_iam_role_policy_attachment.this",
            "module.eks_cluster.module.eks_managed_node_group.aws_launch_template.this",
            "module.eks_cluster.module.eks_managed_node_group.aws_security_group.this",
            "module.eks_cluster.module.eks_managed_node_group.aws_security_group_rule.this",
            "module.eks_cluster.module.eks_managed_node_group.data.aws_caller_identity.current",
            "module.eks_cluster.module.eks_managed_node_group.data.aws_iam_policy_document.assume_role_policy",
            "module.eks_cluster.module.eks_managed_node_group.data.aws_partition.current",
            "module.eks_cluster.module.eks_managed_node_group.module.user_data.data.cloudinit_config.linux_eks_managed_node_group",
            "module.eks_cluster.module.fargate_profile.aws_eks_fargate_profile.this",
            "module.eks_cluster.module.fargate_profile.aws_iam_role.this",
            "module.eks_cluster.module.fargate_profile.aws_iam_role_policy_attachment.this",
            "module.eks_cluster.module.fargate_profile.data.aws_caller_identity.current",
            "module.eks_cluster.module.fargate_profile.data.aws_iam_policy_document.assume_role_policy",
            "module.eks_cluster.module.fargate_profile.data.aws_partition.current",
            "module.eks_cluster.module.kms.aws_kms_external_key.this",
            "module.eks_cluster.module.kms.aws_kms_key.this",
            "module.eks_cluster.module.kms.data.aws_caller_identity.current",
            "module.eks_cluster.module.kms.data.aws_iam_policy_document.k_policy",
            "module.eks_cluster.module.self_managed_node_group.aws_autoscaling_group.this",
            "module.eks_cluster.module.self_managed_node_group.aws_autoscaling_schedule.this",
            "module.eks_cluster.module.self_managed_node_group.aws_iam_instance_profile.this",
            "module.eks_cluster.module.self_managed_node_group.aws_iam_role.this",
            "module.eks_cluster.module.self_managed_node_group.aws_iam_role_policy_attachment.this",
            "module.eks_cluster.module.self_managed_node_group.aws_launch_template.this",
            "module.eks_cluster.module.self_managed_node_group.aws_security_group.this",
            "module.eks_cluster.module.self_managed_node_group.aws_security_group_rule.this",
            "module.eks_cluster.module.self_managed_node_group.data.aws_ami.eks_default",
            "module.eks_cluster.module.self_managed_node_group.data.aws_caller_identity.current",
            "module.eks_cluster.module.self_managed_node_group.data.aws_default_tags.current",
            "module.eks_cluster.module.self_managed_node_group.data.aws_iam_policy_document.assume_role_policy",
            "module.eks_cluster.module.self_managed_node_group.data.aws_partition.current",
            "module.eks_cluster.module.self_managed_node_group.module.user_data.data.cloudinit_config.linux_eks_managed_node_group"
          ]
        }
      ]
    },
    {
      "module": "module.eks_cluster",
      "mode": "managed",
      "type": "aws_eks_cluster",
      "name": "this",
      "provider": "provider[\"registry.terraform.io/hashicorp/aws\"].digio-onetrust",
      "instances": [
        {
          "index_key": 0,
          "schema_version": 0,
          "attributes": {
            "arn": "arn:aws:eks:sa-east-1:978388149693:cluster/prd-ops-data-discovery",
            "certificate_authority": [
              {
                "data": "LS0tLS1CRUdJTiBDRVJUSUZJQ0FURS0tLS0tCk1JSUMvakNDQWVhZ0F3SUJBZ0lCQURBTkJna3Foa2lHOXcwQkFRc0ZBREFWTVJNd0VRWURWUVFERXdwcmRXSmwKY201bGRHVnpNQjRYRFRJek1ESXdNakl6TkRFMU1Gb1hEVE16TURFek1ESXpOREUxTUZvd0ZURVRNQkVHQTFVRQpBeE1LYTNWaVpYSnVaWFJsY3pDQ0FTSXdEUVlKS29aSWh2Y05BUUVCQlFBRGdnRVBBRENDQVFvQ2dnRUJBTmtzClBndlhHT1J1MytUM3l5L2FHeGZlMldTUXhEWC9GcDl1U0JldHpkT2o1Mkx4T1g2WThxUXpPMWFCb1FrV0g2WTkKMnBDWkdQaEVMOWQvM3FJZUN6bG5KK2dyQXNpYlRISktPdytRTGx0Nkd5M1VGa29JdjJPcEhCbkFtMDdaR0czMwpPZFFuK2xwSndYNVh0amJuV1ZPQVVBOWthVHN3b2dFRjEvSk9hWUFDZHJQRlBtVVJOS1pCT3M3V283RVRVTG5CCkdBMmFDcDNuVTAvZzFNRHhiZ2JpeU1PcGNCUHFxMHFLaDduUnBoOGVkSFcwQ2VsMGdNN3RCcElUUTVUVnBrQSsKQVpEbmdHSVAzRStSUFRiYW9XNldoeTd0UjBtRHpjTVlWcHhYN3pyTlN3WlJnd0lpUGRpR3IyOHg3S0tmOGxJbAp5eXYvWEFQeDhmcy9UYW1zcWI4Q0F3RUFBYU5aTUZjd0RnWURWUjBQQVFIL0JBUURBZ0trTUE4R0ExVWRFd0VCCi93UUZNQU1CQWY4d0hRWURWUjBPQkJZRUZGNk1POHcxMWJhMXlQQUJxV1pYbUphWTFQZ3BNQlVHQTFVZEVRUU8KTUF5Q0NtdDFZbVZ5Ym1WMFpYTXdEUVlKS29aSWh2Y05BUUVMQlFBRGdnRUJBSVlXaVNldFZ1azFlV2NnZ3k4VwptMTcvNHk5c3I5OFRqczRqaHlMTlRFWlJFR014Zi9jWDdmOGpKRlozRXhEdjkxVGhkcHlMdDc1VWZIZk43VGhHClI4SWtocHYvbTBaaWFQb1lMdHNOZ09qWmwvMnplaGV2cGhXSXhXd081cVROSnpsR2NvTmRzdmRLVFlCNnhlVzQKRHkySW1rdU82RXZHb25uT1dXYWx2c0dxN3MyUnBibERtVWIxVjN5OVRiblFRTDdhMTlhejBRZUxWTGE2NFZrdApLWm1McUFVejBUUHVnUExicFFaSTJFYisxbElYWHpxWEtJekNFdXhJalkxeWtTMnRWNWdjdjRrNVl3dVlwVjhYCm5GRzUwaWltOXZSS2JNUUZianRKdEY4dXBzZmhjVUdwVlUxNnZpMENRMWVoUWFtOUYxVDdORWxSM3BZWlF4dHMKM0Z3PQotLS0tLUVORCBDRVJUSUZJQ0FURS0tLS0tCg=="
              }
            ],
            "cluster_id": null,
            "created_at": "2023-02-02 23:36:49.461 +0000 UTC",
            "enabled_cluster_log_types": [
              "api",
              "audit",
              "authenticator",
              "controllerManager",
              "scheduler"
            ],
            "encryption_config": [
              {
                "provider": [
                  {
                    "key_arn": "arn:aws:kms:sa-east-1:978388149693:key/eed08e97-d680-4d06-a25a-50e61fb961f2"
                  }
                ],
                "resources": [
                  "secrets"
                ]
              }
            ],
            "endpoint": "https://B0ADD6D7F16D42127DEDCC3A76E1756F.sk1.sa-east-1.eks.amazonaws.com",
            "id": "prd-ops-data-discovery",
            "identity": [
              {
                "oidc": [
                  {
                    "issuer": "https://oidc.eks.sa-east-1.amazonaws.com/id/B0ADD6D7F16D42127DEDCC3A76E1756F"
                  }
                ]
              }
            ],
            "kubernetes_network_config": [
              {
                "ip_family": "ipv4",
                "service_ipv4_cidr": "172.20.0.0/16",
                "service_ipv6_cidr": ""
              }
            ],
            "name": "prd-ops-data-discovery",
            "outpost_config": [],
            "platform_version": "eks.5",
            "role_arn": "arn:aws:iam::978388149693:role/prd-ops-data-discovery-cluster-20230202233634430700000003",
            "status": "ACTIVE",
            "tags": {
              "ambiente": "prod",
              "cost-center": "55210210",
              "funcao": "eks",
              "funcionamento": "24x7",
              "owner": "Arquitetura",
              "workload": "ops-data-discovery"
            },
            "tags_all": {
              "ambiente": "prod",
              "cost-center": "55210210",
              "funcao": "eks",
              "funcionamento": "24x7",
              "owner": "Arquitetura",
              "workload": "ops-data-discovery"
            },
            "timeouts": {
              "create": null,
              "delete": null,
              "update": null
            },
            "version": "1.23",
            "vpc_config": [
              {
                "cluster_security_group_id": "sg-0cd9e75cfe15ccf7b",
                "endpoint_private_access": true,
                "endpoint_public_access": false,
                "public_access_cidrs": [
                  "0.0.0.0/0"
                ],
                "security_group_ids": [
                  "sg-080cec9f75f0a6fd1"
                ],
                "subnet_ids": [
                  "subnet-0489be1815252a915",
                  "subnet-08cd6709b0f6f8a91",
                  "subnet-0a024ec1653a0a513"
                ],
                "vpc_id": "vpc-01095b47e31dddb22"
              }
            ]
          },
          "sensitive_attributes": [],
          "private": "eyJlMmJmYjczMC1lY2FhLTExZTYtOGY4OC0zNDM2M2JjN2M0YzAiOnsiY3JlYXRlIjoxODAwMDAwMDAwMDAwLCJkZWxldGUiOjkwMDAwMDAwMDAwMCwidXBkYXRlIjozNjAwMDAwMDAwMDAwfX0=",
          "dependencies": [
            "module.eks_cluster.aws_cloudwatch_log_group.this",
            "module.eks_cluster.aws_iam_role.this",
            "module.eks_cluster.aws_iam_role_policy_attachment.this",
            "module.eks_cluster.aws_security_group.cluster",
            "module.eks_cluster.aws_security_group.node",
            "module.eks_cluster.aws_security_group_rule.cluster",
            "module.eks_cluster.aws_security_group_rule.node",
            "module.eks_cluster.data.aws_iam_policy_document.assume_role_policy",
            "module.eks_cluster.data.aws_partition.current",
            "module.eks_cluster.module.kms.aws_kms_external_key.this",
            "module.eks_cluster.module.kms.aws_kms_key.this",
            "module.eks_cluster.module.kms.data.aws_caller_identity.current",
            "module.eks_cluster.module.kms.data.aws_iam_policy_document.k_policy"
          ],
          "create_before_destroy": true
        }
      ]
    },
    {
      "module": "module.eks_cluster",
      "mode": "managed",
      "type": "aws_iam_openid_connect_provider",
      "name": "oidc_provider",
      "provider": "provider[\"registry.terraform.io/hashicorp/aws\"].digio-onetrust",
      "instances": [
        {
          "index_key": 0,
          "schema_version": 0,
          "attributes": {
            "arn": "arn:aws:iam::978388149693:oidc-provider/oidc.eks.sa-east-1.amazonaws.com/id/B0ADD6D7F16D42127DEDCC3A76E1756F",
            "client_id_list": [
              "sts.amazonaws.com"
            ],
            "id": "arn:aws:iam::978388149693:oidc-provider/oidc.eks.sa-east-1.amazonaws.com/id/B0ADD6D7F16D42127DEDCC3A76E1756F",
            "tags": {
              "Name": "prd-ops-data-discovery-eks-irsa",
              "ambiente": "prod",
              "cost-center": "55210210",
              "funcao": "eks",
              "funcionamento": "24x7",
              "owner": "Arquitetura",
              "workload": "ops-data-discovery"
            },
            "tags_all": {
              "Name": "prd-ops-data-discovery-eks-irsa",
              "ambiente": "prod",
              "cost-center": "55210210",
              "funcao": "eks",
              "funcionamento": "24x7",
              "owner": "Arquitetura",
              "workload": "ops-data-discovery"
            },
            "thumbprint_list": [
              "9e99a48a9960b14926bb7f3b02e22da2b0ab7280"
            ],
            "url": "oidc.eks.sa-east-1.amazonaws.com/id/B0ADD6D7F16D42127DEDCC3A76E1756F"
          },
          "sensitive_attributes": [],
          "private": "bnVsbA==",
          "dependencies": [
            "module.eks_cluster.aws_cloudwatch_log_group.this",
            "module.eks_cluster.aws_eks_cluster.this",
            "module.eks_cluster.aws_iam_role.this",
            "module.eks_cluster.aws_iam_role_policy_attachment.this",
            "module.eks_cluster.aws_security_group.cluster",
            "module.eks_cluster.aws_security_group.node",
            "module.eks_cluster.aws_security_group_rule.cluster",
            "module.eks_cluster.aws_security_group_rule.node",
            "module.eks_cluster.data.aws_iam_policy_document.assume_role_policy",
            "module.eks_cluster.data.aws_partition.current",
            "module.eks_cluster.data.tls_certificate.this",
            "module.eks_cluster.module.kms.aws_kms_external_key.this",
            "module.eks_cluster.module.kms.aws_kms_key.this",
            "module.eks_cluster.module.kms.data.aws_caller_identity.current",
            "module.eks_cluster.module.kms.data.aws_iam_policy_document.k_policy"
          ]
        }
      ]
    },
    {
      "module": "module.eks_cluster",
      "mode": "managed",
      "type": "aws_iam_policy",
      "name": "cluster_encryption",
      "provider": "provider[\"registry.terraform.io/hashicorp/aws\"].digio-onetrust",
      "instances": [
        {
          "index_key": 0,
          "schema_version": 0,
          "attributes": {
            "arn": "arn:aws:iam::978388149693:policy/prd-ops-data-discovery-cluster-ClusterEncryption2023020223364773810000000a",
            "description": "Cluster encryption policy to allow cluster role to utilize CMK provided",
            "id": "arn:aws:iam::978388149693:policy/prd-ops-data-discovery-cluster-ClusterEncryption2023020223364773810000000a",
            "name": "prd-ops-data-discovery-cluster-ClusterEncryption2023020223364773810000000a",
            "name_prefix": "prd-ops-data-discovery-cluster-ClusterEncryption",
            "path": "/",
            "policy": "{\"Statement\":[{\"Action\":[\"kms:Encrypt\",\"kms:Decrypt\",\"kms:ListGrants\",\"kms:DescribeKey\"],\"Effect\":\"Allow\",\"Resource\":[\"arn:aws:kms:sa-east-1:978388149693:key/eed08e97-d680-4d06-a25a-50e61fb961f2\"]}],\"Version\":\"2012-10-17\"}",
            "policy_id": "ANPA6HTD2MW66QRCXA25M",
            "tags": {
              "ambiente": "prod",
              "cost-center": "55210210",
              "funcao": "eks",
              "funcionamento": "24x7",
              "owner": "Arquitetura",
              "workload": "ops-data-discovery"
            },
            "tags_all": {
              "ambiente": "prod",
              "cost-center": "55210210",
              "funcao": "eks",
              "funcionamento": "24x7",
              "owner": "Arquitetura",
              "workload": "ops-data-discovery"
            }
          },
          "sensitive_attributes": [],
          "private": "bnVsbA==",
          "dependencies": [
            "module.eks_cluster.module.kms.aws_kms_external_key.this",
            "module.eks_cluster.module.kms.aws_kms_key.this",
            "module.eks_cluster.module.kms.data.aws_caller_identity.current",
            "module.eks_cluster.module.kms.data.aws_iam_policy_document.k_policy"
          ]
        }
      ]
    },
    {
      "module": "module.eks_cluster",
      "mode": "managed",
      "type": "aws_iam_role",
      "name": "this",
      "provider": "provider[\"registry.terraform.io/hashicorp/aws\"].digio-onetrust",
      "instances": [
        {
          "index_key": 0,
          "schema_version": 0,
          "attributes": {
            "arn": "arn:aws:iam::978388149693:role/prd-ops-data-discovery-cluster-20230202233634430700000003",
            "assume_role_policy": "{\"Statement\":[{\"Action\":\"sts:AssumeRole\",\"Effect\":\"Allow\",\"Principal\":{\"Service\":\"eks.amazonaws.com\"},\"Sid\":\"EKSClusterAssumeRole\"}],\"Version\":\"2012-10-17\"}",
            "create_date": "2023-02-02T23:36:34Z",
            "description": "",
            "force_detach_policies": true,
            "id": "prd-ops-data-discovery-cluster-20230202233634430700000003",
            "inline_policy": [
              {
                "name": "prd-ops-data-discovery-cluster",
                "policy": "{\"Version\":\"2012-10-17\",\"Statement\":[{\"Action\":[\"logs:CreateLogGroup\"],\"Effect\":\"Deny\",\"Resource\":\"arn:aws:logs:sa-east-1:978388149693:log-group:/aws/eks/prd-ops-data-discovery/cluster\"}]}"
              }
            ],
            "managed_policy_arns": [
              "arn:aws:iam::978388149693:policy/prd-ops-data-discovery-cluster-ClusterEncryption2023020223364773810000000a",
              "arn:aws:iam::aws:policy/AmazonEKSClusterPolicy",
              "arn:aws:iam::aws:policy/AmazonEKSVPCResourceController"
            ],
            "max_session_duration": 3600,
            "name": "prd-ops-data-discovery-cluster-20230202233634430700000003",
            "name_prefix": "prd-ops-data-discovery-cluster-",
            "path": "/",
            "permissions_boundary": null,
            "tags": {
              "ambiente": "prod",
              "cost-center": "55210210",
              "funcao": "eks",
              "funcionamento": "24x7",
              "owner": "Arquitetura",
              "workload": "ops-data-discovery"
            },
            "tags_all": {
              "ambiente": "prod",
              "cost-center": "55210210",
              "funcao": "eks",
              "funcionamento": "24x7",
              "owner": "Arquitetura",
              "workload": "ops-data-discovery"
            },
            "unique_id": "AROA6HTD2MW62NAPRDEEA"
          },
          "sensitive_attributes": [],
          "private": "bnVsbA==",
          "dependencies": [
            "module.eks_cluster.aws_cloudwatch_log_group.this",
            "module.eks_cluster.data.aws_iam_policy_document.assume_role_policy",
            "module.eks_cluster.data.aws_partition.current"
          ],
          "create_before_destroy": true
        }
      ]
    },
    {
      "module": "module.eks_cluster",
      "mode": "managed",
      "type": "aws_iam_role_policy_attachment",
      "name": "cluster_encryption",
      "provider": "provider[\"registry.terraform.io/hashicorp/aws\"].digio-onetrust",
      "instances": [
        {
          "index_key": 0,
          "schema_version": 0,
          "attributes": {
            "id": "prd-ops-data-discovery-cluster-20230202233634430700000003-2023020223364838890000000b",
            "policy_arn": "arn:aws:iam::978388149693:policy/prd-ops-data-discovery-cluster-ClusterEncryption2023020223364773810000000a",
            "role": "prd-ops-data-discovery-cluster-20230202233634430700000003"
          },
          "sensitive_attributes": [],
          "private": "bnVsbA==",
          "dependencies": [
            "module.eks_cluster.aws_cloudwatch_log_group.this",
            "module.eks_cluster.aws_iam_policy.cluster_encryption",
            "module.eks_cluster.aws_iam_role.this",
            "module.eks_cluster.data.aws_iam_policy_document.assume_role_policy",
            "module.eks_cluster.data.aws_partition.current",
            "module.eks_cluster.module.kms.aws_kms_external_key.this",
            "module.eks_cluster.module.kms.aws_kms_key.this",
            "module.eks_cluster.module.kms.data.aws_caller_identity.current",
            "module.eks_cluster.module.kms.data.aws_iam_policy_document.k_policy"
          ]
        }
      ]
    },
    {
      "module": "module.eks_cluster",
      "mode": "managed",
      "type": "aws_iam_role_policy_attachment",
      "name": "this",
      "provider": "provider[\"registry.terraform.io/hashicorp/aws\"].digio-onetrust",
      "instances": [
        {
          "index_key": "arn:aws:iam::aws:policy/AmazonEKSClusterPolicy",
          "schema_version": 0,
          "attributes": {
            "id": "prd-ops-data-discovery-cluster-20230202233634430700000003-20230202233636314800000009",
            "policy_arn": "arn:aws:iam::aws:policy/AmazonEKSClusterPolicy",
            "role": "prd-ops-data-discovery-cluster-20230202233634430700000003"
          },
          "sensitive_attributes": [],
          "private": "bnVsbA==",
          "dependencies": [
            "module.eks_cluster.aws_cloudwatch_log_group.this",
            "module.eks_cluster.aws_iam_role.this",
            "module.eks_cluster.data.aws_iam_policy_document.assume_role_policy",
            "module.eks_cluster.data.aws_partition.current"
          ],
          "create_before_destroy": true
        },
        {
          "index_key": "arn:aws:iam::aws:policy/AmazonEKSVPCResourceController",
          "schema_version": 0,
          "attributes": {
            "id": "prd-ops-data-discovery-cluster-20230202233634430700000003-20230202233636304400000008",
            "policy_arn": "arn:aws:iam::aws:policy/AmazonEKSVPCResourceController",
            "role": "prd-ops-data-discovery-cluster-20230202233634430700000003"
          },
          "sensitive_attributes": [],
          "private": "bnVsbA==",
          "dependencies": [
            "module.eks_cluster.aws_cloudwatch_log_group.this",
            "module.eks_cluster.aws_iam_role.this",
            "module.eks_cluster.data.aws_iam_policy_document.assume_role_policy",
            "module.eks_cluster.data.aws_partition.current"
          ],
          "create_before_destroy": true
        }
      ]
    },
    {
      "module": "module.eks_cluster",
      "mode": "managed",
      "type": "aws_security_group",
      "name": "cluster",
      "provider": "provider[\"registry.terraform.io/hashicorp/aws\"].digio-onetrust",
      "instances": [
        {
          "index_key": 0,
          "schema_version": 1,
          "attributes": {
            "arn": "arn:aws:ec2:sa-east-1:978388149693:security-group/sg-080cec9f75f0a6fd1",
            "description": "EKS cluster security group",
            "egress": [
              {
                "cidr_blocks": [],
                "description": "Cluster API to node groups",
                "from_port": 443,
                "ipv6_cidr_blocks": [],
                "prefix_list_ids": [],
                "protocol": "tcp",
                "security_groups": [
                  "sg-0b3bc898d796cce07"
                ],
                "self": false,
                "to_port": 443
              },
              {
                "cidr_blocks": [],
                "description": "Cluster API to node kubelets",
                "from_port": 10250,
                "ipv6_cidr_blocks": [],
                "prefix_list_ids": [],
                "protocol": "tcp",
                "security_groups": [
                  "sg-0b3bc898d796cce07"
                ],
                "self": false,
                "to_port": 10250
              },
              {
                "cidr_blocks": [],
                "description": "To node 1025-65535",
                "from_port": 1025,
                "ipv6_cidr_blocks": [],
                "prefix_list_ids": [],
                "protocol": "tcp",
                "security_groups": [
                  "sg-0b3bc898d796cce07"
                ],
                "self": false,
                "to_port": 65535
              }
            ],
            "id": "sg-080cec9f75f0a6fd1",
            "ingress": [
              {
                "cidr_blocks": [],
                "description": "Allow access from Bastion Host",
                "from_port": 443,
                "ipv6_cidr_blocks": [],
                "prefix_list_ids": [],
                "protocol": "tcp",
                "security_groups": [
                  "sg-035f79c776f5de3ba"
                ],
                "self": false,
                "to_port": 443
              },
              {
                "cidr_blocks": [],
                "description": "Node groups to cluster API",
                "from_port": 443,
                "ipv6_cidr_blocks": [],
                "prefix_list_ids": [],
                "protocol": "tcp",
                "security_groups": [
                  "sg-0b3bc898d796cce07"
                ],
                "self": false,
                "to_port": 443
              }
            ],
            "name": "prd-ops-data-discovery-cluster-20230202233009780800000001",
            "name_prefix": "prd-ops-data-discovery-cluster-",
            "owner_id": "978388149693",
            "revoke_rules_on_delete": false,
            "tags": {
              "Name": "prd-ops-data-discovery-cluster",
              "ambiente": "prod",
              "cost-center": "55210210",
              "funcao": "security-group",
              "funcionamento": "24x7",
              "owner": "Arquitetura",
              "workload": "ops-data-discovery"
            },
            "tags_all": {
              "Name": "prd-ops-data-discovery-cluster",
              "ambiente": "prod",
              "cost-center": "55210210",
              "funcao": "security-group",
              "funcionamento": "24x7",
              "owner": "Arquitetura",
              "workload": "ops-data-discovery"
            },
            "timeouts": null,
            "vpc_id": "vpc-01095b47e31dddb22"
          },
          "sensitive_attributes": [],
          "private": "eyJlMmJmYjczMC1lY2FhLTExZTYtOGY4OC0zNDM2M2JjN2M0YzAiOnsiY3JlYXRlIjo2MDAwMDAwMDAwMDAsImRlbGV0ZSI6OTAwMDAwMDAwMDAwfSwic2NoZW1hX3ZlcnNpb24iOiIxIn0=",
          "create_before_destroy": true
        }
      ]
    },
    {
      "module": "module.eks_cluster",
      "mode": "managed",
      "type": "aws_security_group",
      "name": "node",
      "provider": "provider[\"registry.terraform.io/hashicorp/aws\"].digio-onetrust",
      "instances": [
        {
          "index_key": 0,
          "schema_version": 1,
          "attributes": {
            "arn": "arn:aws:ec2:sa-east-1:978388149693:security-group/sg-0b3bc898d796cce07",
            "description": "EKS node shared security group",
            "egress": [
              {
                "cidr_blocks": [
                  "0.0.0.0/0"
                ],
                "description": "Egress NTP/TCP to internet",
                "from_port": 123,
                "ipv6_cidr_blocks": [],
                "prefix_list_ids": [],
                "protocol": "tcp",
                "security_groups": [],
                "self": false,
                "to_port": 123
              },
              {
                "cidr_blocks": [
                  "0.0.0.0/0"
                ],
                "description": "Egress NTP/UDP to internet",
                "from_port": 123,
                "ipv6_cidr_blocks": [],
                "prefix_list_ids": [],
                "protocol": "udp",
                "security_groups": [],
                "self": false,
                "to_port": 123
              },
              {
                "cidr_blocks": [
                  "0.0.0.0/0"
                ],
                "description": "Egress all HTTPS to internet",
                "from_port": 443,
                "ipv6_cidr_blocks": [],
                "prefix_list_ids": [],
                "protocol": "tcp",
                "security_groups": [],
                "self": false,
                "to_port": 443
              },
              {
                "cidr_blocks": [
                  "0.0.0.0/0"
                ],
                "description": "Node all egress",
                "from_port": 0,
                "ipv6_cidr_blocks": [
                  "::/0"
                ],
                "prefix_list_ids": [],
                "protocol": "-1",
                "security_groups": [],
                "self": false,
                "to_port": 0
              },
              {
                "cidr_blocks": [],
                "description": "Node groups to cluster API",
                "from_port": 443,
                "ipv6_cidr_blocks": [],
                "prefix_list_ids": [],
                "protocol": "tcp",
                "security_groups": [
                  "sg-080cec9f75f0a6fd1"
                ],
                "self": false,
                "to_port": 443
              },
              {
                "cidr_blocks": [],
                "description": "Node to node CoreDNS",
                "from_port": 53,
                "ipv6_cidr_blocks": [],
                "prefix_list_ids": [],
                "protocol": "tcp",
                "security_groups": [],
                "self": true,
                "to_port": 53
              },
              {
                "cidr_blocks": [],
                "description": "Node to node CoreDNS",
                "from_port": 53,
                "ipv6_cidr_blocks": [],
                "prefix_list_ids": [],
                "protocol": "udp",
                "security_groups": [],
                "self": true,
                "to_port": 53
              }
            ],
            "id": "sg-0b3bc898d796cce07",
            "ingress": [
              {
                "cidr_blocks": [],
                "description": "Allow access from Bastion Host via RDP",
                "from_port": 3389,
                "ipv6_cidr_blocks": [],
                "prefix_list_ids": [],
                "protocol": "tcp",
                "security_groups": [
                  "sg-035f79c776f5de3ba"
                ],
                "self": false,
                "to_port": 3389
              },
              {
                "cidr_blocks": [],
                "description": "Allow access from Bastion Host",
                "from_port": 443,
                "ipv6_cidr_blocks": [],
                "prefix_list_ids": [],
                "protocol": "tcp",
                "security_groups": [
                  "sg-035f79c776f5de3ba"
                ],
                "self": false,
                "to_port": 443
              },
              {
                "cidr_blocks": [],
                "description": "Cluster API to node groups",
                "from_port": 443,
                "ipv6_cidr_blocks": [],
                "prefix_list_ids": [],
                "protocol": "tcp",
                "security_groups": [
                  "sg-080cec9f75f0a6fd1"
                ],
                "self": false,
                "to_port": 443
              },
              {
                "cidr_blocks": [],
                "description": "Cluster API to node kubelets",
                "from_port": 10250,
                "ipv6_cidr_blocks": [],
                "prefix_list_ids": [],
                "protocol": "tcp",
                "security_groups": [
                  "sg-080cec9f75f0a6fd1"
                ],
                "self": false,
                "to_port": 10250
              },
              {
                "cidr_blocks": [],
                "description": "Node to node CoreDNS",
                "from_port": 53,
                "ipv6_cidr_blocks": [],
                "prefix_list_ids": [],
                "protocol": "tcp",
                "security_groups": [],
                "self": true,
                "to_port": 53
              },
              {
                "cidr_blocks": [],
                "description": "Node to node CoreDNS",
                "from_port": 53,
                "ipv6_cidr_blocks": [],
                "prefix_list_ids": [],
                "protocol": "udp",
                "security_groups": [],
                "self": true,
                "to_port": 53
              },
              {
                "cidr_blocks": [],
                "description": "Node to node all ports/protocols",
                "from_port": 0,
                "ipv6_cidr_blocks": [],
                "prefix_list_ids": [],
                "protocol": "-1",
                "security_groups": [],
                "self": true,
                "to_port": 0
              }
            ],
            "name": "prd-ops-data-discovery-node-20230202233009796600000002",
            "name_prefix": "prd-ops-data-discovery-node-",
            "owner_id": "978388149693",
            "revoke_rules_on_delete": false,
            "tags": {
              "Name": "prd-ops-data-discovery-node",
              "ambiente": "prod",
              "cost-center": "55210210",
              "funcao": "eks",
              "funcionamento": "24x7",
              "kubernetes.io/cluster/prd-ops-data-discovery": "owned",
              "owner": "Arquitetura",
              "workload": "ops-data-discovery"
            },
            "tags_all": {
              "Name": "prd-ops-data-discovery-node",
              "ambiente": "prod",
              "cost-center": "55210210",
              "funcao": "eks",
              "funcionamento": "24x7",
              "kubernetes.io/cluster/prd-ops-data-discovery": "owned",
              "owner": "Arquitetura",
              "workload": "ops-data-discovery"
            },
            "timeouts": null,
            "vpc_id": "vpc-01095b47e31dddb22"
          },
          "sensitive_attributes": [],
          "private": "eyJlMmJmYjczMC1lY2FhLTExZTYtOGY4OC0zNDM2M2JjN2M0YzAiOnsiY3JlYXRlIjo2MDAwMDAwMDAwMDAsImRlbGV0ZSI6OTAwMDAwMDAwMDAwfSwic2NoZW1hX3ZlcnNpb24iOiIxIn0=",
          "create_before_destroy": true
        }
      ]
    },
    {
      "module": "module.eks_cluster",
      "mode": "managed",
      "type": "aws_security_group_rule",
      "name": "cluster",
      "provider": "provider[\"registry.terraform.io/hashicorp/aws\"].digio-onetrust",
      "instances": [
        {
          "index_key": "egress_nodes_443",
          "schema_version": 2,
          "attributes": {
            "cidr_blocks": null,
            "description": "Cluster API to node groups",
            "from_port": 443,
            "id": "sgrule-1087150209",
            "ipv6_cidr_blocks": null,
            "prefix_list_ids": [],
            "protocol": "tcp",
            "security_group_id": "sg-080cec9f75f0a6fd1",
            "security_group_rule_id": "sgr-0524310192da980ed",
            "self": false,
            "source_security_group_id": "sg-0b3bc898d796cce07",
            "timeouts": null,
            "to_port": 443,
            "type": "egress"
          },
          "sensitive_attributes": [],
          "private": "eyJlMmJmYjczMC1lY2FhLTExZTYtOGY4OC0zNDM2M2JjN2M0YzAiOnsiY3JlYXRlIjozMDAwMDAwMDAwMDB9LCJzY2hlbWFfdmVyc2lvbiI6IjIifQ==",
          "dependencies": [
            "module.eks_cluster.aws_security_group.cluster",
            "module.eks_cluster.aws_security_group.node"
          ],
          "create_before_destroy": true
        },
        {
          "index_key": "egress_nodes_ephemeral_ports_tcp",
          "schema_version": 2,
          "attributes": {
            "cidr_blocks": null,
            "description": "To node 1025-65535",
            "from_port": 1025,
            "id": "sgrule-4274383536",
            "ipv6_cidr_blocks": null,
            "prefix_list_ids": [],
            "protocol": "tcp",
            "security_group_id": "sg-080cec9f75f0a6fd1",
            "security_group_rule_id": "sgr-0506ec167abb48fc6",
            "self": false,
            "source_security_group_id": "sg-0b3bc898d796cce07",
            "timeouts": null,
            "to_port": 65535,
            "type": "egress"
          },
          "sensitive_attributes": [],
          "private": "eyJlMmJmYjczMC1lY2FhLTExZTYtOGY4OC0zNDM2M2JjN2M0YzAiOnsiY3JlYXRlIjozMDAwMDAwMDAwMDB9LCJzY2hlbWFfdmVyc2lvbiI6IjIifQ==",
          "dependencies": [
            "module.eks_cluster.aws_security_group.cluster",
            "module.eks_cluster.aws_security_group.node"
          ],
          "create_before_destroy": true
        },
        {
          "index_key": "egress_nodes_kubelet",
          "schema_version": 2,
          "attributes": {
            "cidr_blocks": null,
            "description": "Cluster API to node kubelets",
            "from_port": 10250,
            "id": "sgrule-1771734240",
            "ipv6_cidr_blocks": null,
            "prefix_list_ids": [],
            "protocol": "tcp",
            "security_group_id": "sg-080cec9f75f0a6fd1",
            "security_group_rule_id": "sgr-08bb491179e1b25ff",
            "self": false,
            "source_security_group_id": "sg-0b3bc898d796cce07",
            "timeouts": null,
            "to_port": 10250,
            "type": "egress"
          },
          "sensitive_attributes": [],
          "private": "eyJlMmJmYjczMC1lY2FhLTExZTYtOGY4OC0zNDM2M2JjN2M0YzAiOnsiY3JlYXRlIjozMDAwMDAwMDAwMDB9LCJzY2hlbWFfdmVyc2lvbiI6IjIifQ==",
          "dependencies": [
            "module.eks_cluster.aws_security_group.cluster",
            "module.eks_cluster.aws_security_group.node"
          ],
          "create_before_destroy": true
        },
        {
          "index_key": "ingress_bastion",
          "schema_version": 2,
          "attributes": {
            "cidr_blocks": null,
            "description": "Allow access from Bastion Host",
            "from_port": 443,
            "id": "sgrule-2484004291",
            "ipv6_cidr_blocks": null,
            "prefix_list_ids": [],
            "protocol": "tcp",
            "security_group_id": "sg-080cec9f75f0a6fd1",
            "security_group_rule_id": "sgr-0ad8e258d97f88dbe",
            "self": false,
            "source_security_group_id": "sg-035f79c776f5de3ba",
            "timeouts": null,
            "to_port": 443,
            "type": "ingress"
          },
          "sensitive_attributes": [],
          "private": "eyJlMmJmYjczMC1lY2FhLTExZTYtOGY4OC0zNDM2M2JjN2M0YzAiOnsiY3JlYXRlIjozMDAwMDAwMDAwMDB9LCJzY2hlbWFfdmVyc2lvbiI6IjIifQ==",
          "dependencies": [
            "module.eks_cluster.aws_security_group.cluster",
            "module.eks_cluster.aws_security_group.node"
          ],
          "create_before_destroy": true
        },
        {
          "index_key": "ingress_nodes_443",
          "schema_version": 2,
          "attributes": {
            "cidr_blocks": null,
            "description": "Node groups to cluster API",
            "from_port": 443,
            "id": "sgrule-3300786520",
            "ipv6_cidr_blocks": null,
            "prefix_list_ids": [],
            "protocol": "tcp",
            "security_group_id": "sg-080cec9f75f0a6fd1",
            "security_group_rule_id": "sgr-0e16c4f346ec227c9",
            "self": false,
            "source_security_group_id": "sg-0b3bc898d796cce07",
            "timeouts": null,
            "to_port": 443,
            "type": "ingress"
          },
          "sensitive_attributes": [],
          "private": "eyJlMmJmYjczMC1lY2FhLTExZTYtOGY4OC0zNDM2M2JjN2M0YzAiOnsiY3JlYXRlIjozMDAwMDAwMDAwMDB9LCJzY2hlbWFfdmVyc2lvbiI6IjIifQ==",
          "dependencies": [
            "module.eks_cluster.aws_security_group.cluster",
            "module.eks_cluster.aws_security_group.node"
          ],
          "create_before_destroy": true
        }
      ]
    },
    {
      "module": "module.eks_cluster",
      "mode": "managed",
      "type": "aws_security_group_rule",
      "name": "node",
      "provider": "provider[\"registry.terraform.io/hashicorp/aws\"].digio-onetrust",
      "instances": [
        {
          "index_key": "egress_all",
          "schema_version": 2,
          "attributes": {
            "cidr_blocks": [
              "0.0.0.0/0"
            ],
            "description": "Node all egress",
            "from_port": 0,
            "id": "sgrule-739991367",
            "ipv6_cidr_blocks": [
              "::/0"
            ],
            "prefix_list_ids": [],
            "protocol": "-1",
            "security_group_id": "sg-0b3bc898d796cce07",
            "security_group_rule_id": "",
            "self": false,
            "source_security_group_id": null,
            "timeouts": null,
            "to_port": 0,
            "type": "egress"
          },
          "sensitive_attributes": [],
          "private": "eyJlMmJmYjczMC1lY2FhLTExZTYtOGY4OC0zNDM2M2JjN2M0YzAiOnsiY3JlYXRlIjozMDAwMDAwMDAwMDB9LCJzY2hlbWFfdmVyc2lvbiI6IjIifQ==",
          "dependencies": [
            "module.eks_cluster.aws_security_group.cluster",
            "module.eks_cluster.aws_security_group.node"
          ],
          "create_before_destroy": true
        },
        {
          "index_key": "egress_cluster_443",
          "schema_version": 2,
          "attributes": {
            "cidr_blocks": null,
            "description": "Node groups to cluster API",
            "from_port": 443,
            "id": "sgrule-2001371977",
            "ipv6_cidr_blocks": null,
            "prefix_list_ids": [],
            "protocol": "tcp",
            "security_group_id": "sg-0b3bc898d796cce07",
            "security_group_rule_id": "sgr-0f0bcf0b42d0a3e33",
            "self": false,
            "source_security_group_id": "sg-080cec9f75f0a6fd1",
            "timeouts": null,
            "to_port": 443,
            "type": "egress"
          },
          "sensitive_attributes": [],
          "private": "eyJlMmJmYjczMC1lY2FhLTExZTYtOGY4OC0zNDM2M2JjN2M0YzAiOnsiY3JlYXRlIjozMDAwMDAwMDAwMDB9LCJzY2hlbWFfdmVyc2lvbiI6IjIifQ==",
          "dependencies": [
            "module.eks_cluster.aws_security_group.cluster",
            "module.eks_cluster.aws_security_group.node"
          ],
          "create_before_destroy": true
        },
        {
          "index_key": "egress_https",
          "schema_version": 2,
          "attributes": {
            "cidr_blocks": [
              "0.0.0.0/0"
            ],
            "description": "Egress all HTTPS to internet",
            "from_port": 443,
            "id": "sgrule-2992566213",
            "ipv6_cidr_blocks": null,
            "prefix_list_ids": [],
            "protocol": "tcp",
            "security_group_id": "sg-0b3bc898d796cce07",
            "security_group_rule_id": "sgr-0bd0970007a9223df",
            "self": false,
            "source_security_group_id": null,
            "timeouts": null,
            "to_port": 443,
            "type": "egress"
          },
          "sensitive_attributes": [],
          "private": "eyJlMmJmYjczMC1lY2FhLTExZTYtOGY4OC0zNDM2M2JjN2M0YzAiOnsiY3JlYXRlIjozMDAwMDAwMDAwMDB9LCJzY2hlbWFfdmVyc2lvbiI6IjIifQ==",
          "dependencies": [
            "module.eks_cluster.aws_security_group.cluster",
            "module.eks_cluster.aws_security_group.node"
          ],
          "create_before_destroy": true
        },
        {
          "index_key": "egress_ntp_tcp",
          "schema_version": 2,
          "attributes": {
            "cidr_blocks": [
              "0.0.0.0/0"
            ],
            "description": "Egress NTP/TCP to internet",
            "from_port": 123,
            "id": "sgrule-1837159131",
            "ipv6_cidr_blocks": null,
            "prefix_list_ids": [],
            "protocol": "tcp",
            "security_group_id": "sg-0b3bc898d796cce07",
            "security_group_rule_id": "sgr-07c652db6f090797d",
            "self": false,
            "source_security_group_id": null,
            "timeouts": null,
            "to_port": 123,
            "type": "egress"
          },
          "sensitive_attributes": [],
          "private": "eyJlMmJmYjczMC1lY2FhLTExZTYtOGY4OC0zNDM2M2JjN2M0YzAiOnsiY3JlYXRlIjozMDAwMDAwMDAwMDB9LCJzY2hlbWFfdmVyc2lvbiI6IjIifQ==",
          "dependencies": [
            "module.eks_cluster.aws_security_group.cluster",
            "module.eks_cluster.aws_security_group.node"
          ],
          "create_before_destroy": true
        },
        {
          "index_key": "egress_ntp_udp",
          "schema_version": 2,
          "attributes": {
            "cidr_blocks": [
              "0.0.0.0/0"
            ],
            "description": "Egress NTP/UDP to internet",
            "from_port": 123,
            "id": "sgrule-320796630",
            "ipv6_cidr_blocks": null,
            "prefix_list_ids": [],
            "protocol": "udp",
            "security_group_id": "sg-0b3bc898d796cce07",
            "security_group_rule_id": "sgr-0ac571b50824e3089",
            "self": false,
            "source_security_group_id": null,
            "timeouts": null,
            "to_port": 123,
            "type": "egress"
          },
          "sensitive_attributes": [],
          "private": "eyJlMmJmYjczMC1lY2FhLTExZTYtOGY4OC0zNDM2M2JjN2M0YzAiOnsiY3JlYXRlIjozMDAwMDAwMDAwMDB9LCJzY2hlbWFfdmVyc2lvbiI6IjIifQ==",
          "dependencies": [
            "module.eks_cluster.aws_security_group.cluster",
            "module.eks_cluster.aws_security_group.node"
          ],
          "create_before_destroy": true
        },
        {
          "index_key": "egress_self_coredns_tcp",
          "schema_version": 2,
          "attributes": {
            "cidr_blocks": null,
            "description": "Node to node CoreDNS",
            "from_port": 53,
            "id": "sgrule-2581520902",
            "ipv6_cidr_blocks": null,
            "prefix_list_ids": [],
            "protocol": "tcp",
            "security_group_id": "sg-0b3bc898d796cce07",
            "security_group_rule_id": "sgr-0b02f8b217206b89b",
            "self": true,
            "source_security_group_id": null,
            "timeouts": null,
            "to_port": 53,
            "type": "egress"
          },
          "sensitive_attributes": [],
          "private": "eyJlMmJmYjczMC1lY2FhLTExZTYtOGY4OC0zNDM2M2JjN2M0YzAiOnsiY3JlYXRlIjozMDAwMDAwMDAwMDB9LCJzY2hlbWFfdmVyc2lvbiI6IjIifQ==",
          "dependencies": [
            "module.eks_cluster.aws_security_group.cluster",
            "module.eks_cluster.aws_security_group.node"
          ],
          "create_before_destroy": true
        },
        {
          "index_key": "egress_self_coredns_udp",
          "schema_version": 2,
          "attributes": {
            "cidr_blocks": null,
            "description": "Node to node CoreDNS",
            "from_port": 53,
            "id": "sgrule-398024800",
            "ipv6_cidr_blocks": null,
            "prefix_list_ids": [],
            "protocol": "udp",
            "security_group_id": "sg-0b3bc898d796cce07",
            "security_group_rule_id": "sgr-0c705c93ae5a7fc40",
            "self": true,
            "source_security_group_id": null,
            "timeouts": null,
            "to_port": 53,
            "type": "egress"
          },
          "sensitive_attributes": [],
          "private": "eyJlMmJmYjczMC1lY2FhLTExZTYtOGY4OC0zNDM2M2JjN2M0YzAiOnsiY3JlYXRlIjozMDAwMDAwMDAwMDB9LCJzY2hlbWFfdmVyc2lvbiI6IjIifQ==",
          "dependencies": [
            "module.eks_cluster.aws_security_group.cluster",
            "module.eks_cluster.aws_security_group.node"
          ],
          "create_before_destroy": true
        },
        {
          "index_key": "ingress_bastion",
          "schema_version": 2,
          "attributes": {
            "cidr_blocks": null,
            "description": "Allow access from Bastion Host",
            "from_port": 443,
            "id": "sgrule-3393319842",
            "ipv6_cidr_blocks": null,
            "prefix_list_ids": [],
            "protocol": "tcp",
            "security_group_id": "sg-0b3bc898d796cce07",
            "security_group_rule_id": "sgr-0241c2f7e1391496c",
            "self": false,
            "source_security_group_id": "sg-035f79c776f5de3ba",
            "timeouts": null,
            "to_port": 443,
            "type": "ingress"
          },
          "sensitive_attributes": [],
          "private": "eyJlMmJmYjczMC1lY2FhLTExZTYtOGY4OC0zNDM2M2JjN2M0YzAiOnsiY3JlYXRlIjozMDAwMDAwMDAwMDB9LCJzY2hlbWFfdmVyc2lvbiI6IjIifQ==",
          "dependencies": [
            "module.eks_cluster.aws_security_group.cluster",
            "module.eks_cluster.aws_security_group.node"
          ],
          "create_before_destroy": true
        },
        {
          "index_key": "ingress_bastion_win",
          "schema_version": 2,
          "attributes": {
            "cidr_blocks": null,
            "description": "Allow access from Bastion Host via RDP",
            "from_port": 3389,
            "id": "sgrule-3062911952",
            "ipv6_cidr_blocks": null,
            "prefix_list_ids": [],
            "protocol": "tcp",
            "security_group_id": "sg-0b3bc898d796cce07",
            "security_group_rule_id": "sgr-087f29399076e6ce3",
            "self": false,
            "source_security_group_id": "sg-035f79c776f5de3ba",
            "timeouts": null,
            "to_port": 3389,
            "type": "ingress"
          },
          "sensitive_attributes": [],
          "private": "eyJlMmJmYjczMC1lY2FhLTExZTYtOGY4OC0zNDM2M2JjN2M0YzAiOnsiY3JlYXRlIjozMDAwMDAwMDAwMDB9LCJzY2hlbWFfdmVyc2lvbiI6IjIifQ==",
          "dependencies": [
            "module.eks_cluster.aws_security_group.cluster",
            "module.eks_cluster.aws_security_group.node"
          ],
          "create_before_destroy": true
        },
        {
          "index_key": "ingress_cluster_443",
          "schema_version": 2,
          "attributes": {
            "cidr_blocks": null,
            "description": "Cluster API to node groups",
            "from_port": 443,
            "id": "sgrule-1016619913",
            "ipv6_cidr_blocks": null,
            "prefix_list_ids": [],
            "protocol": "tcp",
            "security_group_id": "sg-0b3bc898d796cce07",
            "security_group_rule_id": "sgr-05fb48c7c89afa749",
            "self": false,
            "source_security_group_id": "sg-080cec9f75f0a6fd1",
            "timeouts": null,
            "to_port": 443,
            "type": "ingress"
          },
          "sensitive_attributes": [],
          "private": "eyJlMmJmYjczMC1lY2FhLTExZTYtOGY4OC0zNDM2M2JjN2M0YzAiOnsiY3JlYXRlIjozMDAwMDAwMDAwMDB9LCJzY2hlbWFfdmVyc2lvbiI6IjIifQ==",
          "dependencies": [
            "module.eks_cluster.aws_security_group.cluster",
            "module.eks_cluster.aws_security_group.node"
          ],
          "create_before_destroy": true
        },
        {
          "index_key": "ingress_cluster_kubelet",
          "schema_version": 2,
          "attributes": {
            "cidr_blocks": null,
            "description": "Cluster API to node kubelets",
            "from_port": 10250,
            "id": "sgrule-944247463",
            "ipv6_cidr_blocks": null,
            "prefix_list_ids": [],
            "protocol": "tcp",
            "security_group_id": "sg-0b3bc898d796cce07",
            "security_group_rule_id": "sgr-08726292e73f26d3a",
            "self": false,
            "source_security_group_id": "sg-080cec9f75f0a6fd1",
            "timeouts": null,
            "to_port": 10250,
            "type": "ingress"
          },
          "sensitive_attributes": [],
          "private": "eyJlMmJmYjczMC1lY2FhLTExZTYtOGY4OC0zNDM2M2JjN2M0YzAiOnsiY3JlYXRlIjozMDAwMDAwMDAwMDB9LCJzY2hlbWFfdmVyc2lvbiI6IjIifQ==",
          "dependencies": [
            "module.eks_cluster.aws_security_group.cluster",
            "module.eks_cluster.aws_security_group.node"
          ],
          "create_before_destroy": true
        },
        {
          "index_key": "ingress_self_all",
          "schema_version": 2,
          "attributes": {
            "cidr_blocks": null,
            "description": "Node to node all ports/protocols",
            "from_port": 0,
            "id": "sgrule-1011946372",
            "ipv6_cidr_blocks": null,
            "prefix_list_ids": [],
            "protocol": "-1",
            "security_group_id": "sg-0b3bc898d796cce07",
            "security_group_rule_id": "sgr-01369b1d6d9e2fc8b",
            "self": true,
            "source_security_group_id": null,
            "timeouts": null,
            "to_port": 0,
            "type": "ingress"
          },
          "sensitive_attributes": [],
          "private": "eyJlMmJmYjczMC1lY2FhLTExZTYtOGY4OC0zNDM2M2JjN2M0YzAiOnsiY3JlYXRlIjozMDAwMDAwMDAwMDB9LCJzY2hlbWFfdmVyc2lvbiI6IjIifQ==",
          "dependencies": [
            "module.eks_cluster.aws_security_group.cluster",
            "module.eks_cluster.aws_security_group.node"
          ],
          "create_before_destroy": true
        },
        {
          "index_key": "ingress_self_coredns_tcp",
          "schema_version": 2,
          "attributes": {
            "cidr_blocks": null,
            "description": "Node to node CoreDNS",
            "from_port": 53,
            "id": "sgrule-3082487201",
            "ipv6_cidr_blocks": null,
            "prefix_list_ids": [],
            "protocol": "tcp",
            "security_group_id": "sg-0b3bc898d796cce07",
            "security_group_rule_id": "sgr-00b3f7a5aa51ebf59",
            "self": true,
            "source_security_group_id": null,
            "timeouts": null,
            "to_port": 53,
            "type": "ingress"
          },
          "sensitive_attributes": [],
          "private": "eyJlMmJmYjczMC1lY2FhLTExZTYtOGY4OC0zNDM2M2JjN2M0YzAiOnsiY3JlYXRlIjozMDAwMDAwMDAwMDB9LCJzY2hlbWFfdmVyc2lvbiI6IjIifQ==",
          "dependencies": [
            "module.eks_cluster.aws_security_group.cluster",
            "module.eks_cluster.aws_security_group.node"
          ],
          "create_before_destroy": true
        },
        {
          "index_key": "ingress_self_coredns_udp",
          "schema_version": 2,
          "attributes": {
            "cidr_blocks": null,
            "description": "Node to node CoreDNS",
            "from_port": 53,
            "id": "sgrule-333751886",
            "ipv6_cidr_blocks": null,
            "prefix_list_ids": [],
            "protocol": "udp",
            "security_group_id": "sg-0b3bc898d796cce07",
            "security_group_rule_id": "sgr-0c705c93ae5a7fc40",
            "self": true,
            "source_security_group_id": null,
            "timeouts": null,
            "to_port": 53,
            "type": "ingress"
          },
          "sensitive_attributes": [],
          "private": "eyJlMmJmYjczMC1lY2FhLTExZTYtOGY4OC0zNDM2M2JjN2M0YzAiOnsiY3JlYXRlIjozMDAwMDAwMDAwMDB9LCJzY2hlbWFfdmVyc2lvbiI6IjIifQ==",
          "dependencies": [
            "module.eks_cluster.aws_security_group.cluster",
            "module.eks_cluster.aws_security_group.node"
          ],
          "create_before_destroy": true
        }
      ]
    },
    {
      "module": "module.eks_cluster.module.fargate_profile[\"default\"]",
      "mode": "data",
      "type": "aws_caller_identity",
      "name": "current",
      "provider": "provider[\"registry.terraform.io/hashicorp/aws\"].digio-onetrust",
      "instances": [
        {
          "schema_version": 0,
          "attributes": {
            "account_id": "978388149693",
            "arn": "arn:aws:sts::978388149693:assumed-role/C2G-N3/aws-go-sdk-1675710596429641000",
            "id": "978388149693",
            "user_id": "AROA6HTD2MW65LKMFSDN2:aws-go-sdk-1675710596429641000"
          },
          "sensitive_attributes": []
        }
      ]
    },
    {
      "module": "module.eks_cluster.module.fargate_profile[\"default\"]",
      "mode": "data",
      "type": "aws_iam_policy_document",
      "name": "assume_role_policy",
      "provider": "provider[\"registry.terraform.io/hashicorp/aws\"].digio-onetrust",
      "instances": [
        {
          "index_key": 0,
          "schema_version": 0,
          "attributes": {
            "id": "3567408449",
            "json": "{\n  \"Version\": \"2012-10-17\",\n  \"Statement\": [\n    {\n      \"Sid\": \"\",\n      \"Effect\": \"Allow\",\n      \"Action\": \"sts:AssumeRole\",\n      \"Principal\": {\n        \"Service\": \"eks-fargate-pods.amazonaws.com\"\n      }\n    }\n  ]\n}",
            "override_json": null,
            "override_policy_documents": null,
            "policy_id": null,
            "source_json": null,
            "source_policy_documents": null,
            "statement": [
              {
                "actions": [
                  "sts:AssumeRole"
                ],
                "condition": [],
                "effect": "Allow",
                "not_actions": [],
                "not_principals": [],
                "not_resources": [],
                "principals": [
                  {
                    "identifiers": [
                      "eks-fargate-pods.amazonaws.com"
                    ],
                    "type": "Service"
                  }
                ],
                "resources": [],
                "sid": ""
              }
            ],
            "version": "2012-10-17"
          },
          "sensitive_attributes": []
        }
      ]
    },
    {
      "module": "module.eks_cluster.module.fargate_profile[\"default\"]",
      "mode": "data",
      "type": "aws_partition",
      "name": "current",
      "provider": "provider[\"registry.terraform.io/hashicorp/aws\"].digio-onetrust",
      "instances": [
        {
          "schema_version": 0,
          "attributes": {
            "dns_suffix": "amazonaws.com",
            "id": "aws",
            "partition": "aws",
            "reverse_dns_prefix": "com.amazonaws"
          },
          "sensitive_attributes": []
        }
      ]
    },
    {
      "module": "module.eks_cluster.module.fargate_profile[\"default\"]",
      "mode": "managed",
      "type": "aws_eks_fargate_profile",
      "name": "this",
      "provider": "provider[\"registry.terraform.io/hashicorp/aws\"].digio-onetrust",
      "instances": [
        {
          "index_key": 0,
          "schema_version": 0,
          "attributes": {
            "arn": "arn:aws:eks:sa-east-1:978388149693:fargateprofile/prd-ops-data-discovery/default/1ec30a42-d53b-b3d0-9fff-df5cdfe5c0a0",
            "cluster_name": "prd-ops-data-discovery",
            "fargate_profile_name": "default",
            "id": "prd-ops-data-discovery:default",
            "pod_execution_role_arn": "arn:aws:iam::978388149693:role/default-20230202233634426800000001",
            "selector": [
              {
                "labels": {
                  "k8s-app": "kube-dns"
                },
                "namespace": "kube-system"
              },
              {
                "labels": {},
                "namespace": "default"
              }
            ],
            "status": "ACTIVE",
            "subnet_ids": [
              "subnet-0489be1815252a915",
              "subnet-08cd6709b0f6f8a91",
              "subnet-0a024ec1653a0a513"
            ],
            "tags": {
              "ambiente": "prod",
              "cost-center": "55210210",
              "funcao": "ecr",
              "funcionamento": "24x7",
              "owner": "Arquitetura",
              "workload": "ops-data-discovery"
            },
            "tags_all": {
              "ambiente": "prod",
              "cost-center": "55210210",
              "funcao": "ecr",
              "funcionamento": "24x7",
              "owner": "Arquitetura",
              "workload": "ops-data-discovery"
            },
            "timeouts": {
              "create": "20m",
              "delete": "20m"
            }
          },
          "sensitive_attributes": [],
          "private": "eyJlMmJmYjczMC1lY2FhLTExZTYtOGY4OC0zNDM2M2JjN2M0YzAiOnsiY3JlYXRlIjoxMjAwMDAwMDAwMDAwLCJkZWxldGUiOjEyMDAwMDAwMDAwMDB9fQ==",
          "dependencies": [
            "module.eks_cluster.aws_cloudwatch_log_group.this",
            "module.eks_cluster.aws_eks_cluster.this",
            "module.eks_cluster.aws_iam_role.this",
            "module.eks_cluster.aws_iam_role_policy_attachment.this",
            "module.eks_cluster.aws_security_group.cluster",
            "module.eks_cluster.aws_security_group.node",
            "module.eks_cluster.aws_security_group_rule.cluster",
            "module.eks_cluster.aws_security_group_rule.node",
            "module.eks_cluster.data.aws_iam_policy_document.assume_role_policy",
            "module.eks_cluster.data.aws_partition.current",
            "module.eks_cluster.module.fargate_profile.aws_iam_role.this",
            "module.eks_cluster.module.fargate_profile.data.aws_iam_policy_document.assume_role_policy",
            "module.eks_cluster.module.kms.aws_kms_external_key.this",
            "module.eks_cluster.module.kms.aws_kms_key.this",
            "module.eks_cluster.module.kms.data.aws_caller_identity.current",
            "module.eks_cluster.module.kms.data.aws_iam_policy_document.k_policy"
          ]
        }
      ]
    },
    {
      "module": "module.eks_cluster.module.fargate_profile[\"default\"]",
      "mode": "managed",
      "type": "aws_iam_role",
      "name": "this",
      "provider": "provider[\"registry.terraform.io/hashicorp/aws\"].digio-onetrust",
      "instances": [
        {
          "index_key": 0,
          "schema_version": 0,
          "attributes": {
            "arn": "arn:aws:iam::978388149693:role/default-20230202233634426800000001",
            "assume_role_policy": "{\"Statement\":[{\"Action\":\"sts:AssumeRole\",\"Effect\":\"Allow\",\"Principal\":{\"Service\":\"eks-fargate-pods.amazonaws.com\"},\"Sid\":\"\"}],\"Version\":\"2012-10-17\"}",
            "create_date": "2023-02-02T23:36:34Z",
            "description": "Fargate profile IAM role",
            "force_detach_policies": true,
            "id": "default-20230202233634426800000001",
            "inline_policy": [],
            "managed_policy_arns": [
              "arn:aws:iam::aws:policy/AmazonEKSFargatePodExecutionRolePolicy",
              "arn:aws:iam::aws:policy/AmazonEKS_CNI_Policy"
            ],
            "max_session_duration": 3600,
            "name": "default-20230202233634426800000001",
            "name_prefix": "default-",
            "path": "/",
            "permissions_boundary": null,
            "tags": {
              "ambiente": "prod",
              "cost-center": "55210210",
              "funcao": "ecr",
              "funcionamento": "24x7",
              "owner": "Arquitetura",
              "workload": "ops-data-discovery"
            },
            "tags_all": {
              "ambiente": "prod",
              "cost-center": "55210210",
              "funcao": "ecr",
              "funcionamento": "24x7",
              "owner": "Arquitetura",
              "workload": "ops-data-discovery"
            },
            "unique_id": "AROA6HTD2MW655ME5PAIB"
          },
          "sensitive_attributes": [],
          "private": "bnVsbA==",
          "dependencies": [
            "module.eks_cluster.module.fargate_profile.data.aws_iam_policy_document.assume_role_policy"
          ]
        }
      ]
    },
    {
      "module": "module.eks_cluster.module.fargate_profile[\"default\"]",
      "mode": "managed",
      "type": "aws_iam_role_policy_attachment",
      "name": "this",
      "provider": "provider[\"registry.terraform.io/hashicorp/aws\"].digio-onetrust",
      "instances": [
        {
          "index_key": "arn:aws:iam::aws:policy/AmazonEKSFargatePodExecutionRolePolicy",
          "schema_version": 0,
          "attributes": {
            "id": "default-20230202233634426800000001-20230202233636090700000006",
            "policy_arn": "arn:aws:iam::aws:policy/AmazonEKSFargatePodExecutionRolePolicy",
            "role": "default-20230202233634426800000001"
          },
          "sensitive_attributes": [],
          "private": "bnVsbA==",
          "dependencies": [
            "module.eks_cluster.module.fargate_profile.aws_iam_role.this",
            "module.eks_cluster.module.fargate_profile.data.aws_caller_identity.current",
            "module.eks_cluster.module.fargate_profile.data.aws_iam_policy_document.assume_role_policy",
            "module.eks_cluster.module.fargate_profile.data.aws_partition.current"
          ]
        },
        {
          "index_key": "arn:aws:iam::aws:policy/AmazonEKS_CNI_Policy",
          "schema_version": 0,
          "attributes": {
            "id": "default-20230202233634426800000001-20230202233636092000000007",
            "policy_arn": "arn:aws:iam::aws:policy/AmazonEKS_CNI_Policy",
            "role": "default-20230202233634426800000001"
          },
          "sensitive_attributes": [],
          "private": "bnVsbA==",
          "dependencies": [
            "module.eks_cluster.module.fargate_profile.aws_iam_role.this",
            "module.eks_cluster.module.fargate_profile.data.aws_caller_identity.current",
            "module.eks_cluster.module.fargate_profile.data.aws_iam_policy_document.assume_role_policy",
            "module.eks_cluster.module.fargate_profile.data.aws_partition.current"
          ]
        }
      ]
    },
    {
      "module": "module.eks_cluster.module.kms",
      "mode": "data",
      "type": "aws_caller_identity",
      "name": "current",
      "provider": "provider[\"registry.terraform.io/hashicorp/aws\"].digio-onetrust",
      "instances": [
        {
          "schema_version": 0,
          "attributes": {
            "account_id": "978388149693",
            "arn": "arn:aws:sts::978388149693:assumed-role/C2G-N3/aws-go-sdk-1675710596429641000",
            "id": "978388149693",
            "user_id": "AROA6HTD2MW65LKMFSDN2:aws-go-sdk-1675710596429641000"
          },
          "sensitive_attributes": []
        }
      ]
    },
    {
      "module": "module.eks_cluster.module.kms",
      "mode": "data",
      "type": "aws_iam_policy_document",
      "name": "k_policy",
      "provider": "provider[\"registry.terraform.io/hashicorp/aws\"].digio-onetrust",
      "instances": [
        {
          "schema_version": 0,
          "attributes": {
            "id": "3509478443",
            "json": "{\n  \"Version\": \"2012-10-17\",\n  \"Statement\": [\n    {\n      \"Sid\": \"Default\",\n      \"Effect\": \"Allow\",\n      \"Action\": \"kms:*\",\n      \"Resource\": \"*\",\n      \"Principal\": {\n        \"AWS\": \"arn:aws:iam::978388149693:root\"\n      }\n    }\n  ]\n}",
            "override_json": null,
            "override_policy_documents": null,
            "policy_id": null,
            "source_json": null,
            "source_policy_documents": null,
            "statement": [
              {
                "actions": [
                  "kms:*"
                ],
                "condition": [],
                "effect": "Allow",
                "not_actions": [],
                "not_principals": [],
                "not_resources": [],
                "principals": [
                  {
                    "identifiers": [
                      "arn:aws:iam::978388149693:root"
                    ],
                    "type": "AWS"
                  }
                ],
                "resources": [
                  "*"
                ],
                "sid": "Default"
              }
            ],
            "version": "2012-10-17"
          },
          "sensitive_attributes": []
        }
      ]
    },
    {
      "module": "module.eks_cluster.module.kms",
      "mode": "data",
      "type": "aws_partition",
      "name": "current",
      "provider": "provider[\"registry.terraform.io/hashicorp/aws\"].digio-onetrust",
      "instances": [
        {
          "schema_version": 0,
          "attributes": {
            "dns_suffix": "amazonaws.com",
            "id": "aws",
            "partition": "aws",
            "reverse_dns_prefix": "com.amazonaws"
          },
          "sensitive_attributes": []
        }
      ]
    },
    {
      "module": "module.eks_cluster.module.kms",
      "mode": "managed",
      "type": "aws_kms_alias",
      "name": "this",
      "provider": "provider[\"registry.terraform.io/hashicorp/aws\"].digio-onetrust",
      "instances": [
        {
          "index_key": "eks/prd-ops-data-discovery",
          "schema_version": 0,
          "attributes": {
            "arn": "arn:aws:kms:sa-east-1:978388149693:alias/eks/prd-ops-data-discovery",
            "id": "alias/eks/prd-ops-data-discovery",
            "name": "alias/eks/prd-ops-data-discovery",
            "name_prefix": "",
            "target_key_arn": "arn:aws:kms:sa-east-1:978388149693:key/eed08e97-d680-4d06-a25a-50e61fb961f2",
            "target_key_id": "eed08e97-d680-4d06-a25a-50e61fb961f2"
          },
          "sensitive_attributes": [],
          "private": "bnVsbA==",
          "dependencies": [
            "module.eks_cluster.module.kms.aws_kms_key.this",
            "module.eks_cluster.module.kms.data.aws_caller_identity.current",
            "module.eks_cluster.module.kms.data.aws_iam_policy_document.k_policy"
          ]
        }
      ]
    },
    {
      "module": "module.eks_cluster.module.kms",
      "mode": "managed",
      "type": "aws_kms_key",
      "name": "this",
      "provider": "provider[\"registry.terraform.io/hashicorp/aws\"].digio-onetrust",
      "instances": [
        {
          "index_key": 0,
          "schema_version": 0,
          "attributes": {
            "arn": "arn:aws:kms:sa-east-1:978388149693:key/eed08e97-d680-4d06-a25a-50e61fb961f2",
            "bypass_policy_lockout_safety_check": false,
            "custom_key_store_id": "",
            "customer_master_key_spec": "SYMMETRIC_DEFAULT",
            "deletion_window_in_days": 7,
            "description": "prd-ops-data-discovery cluster encryption key",
            "enable_key_rotation": true,
            "id": "eed08e97-d680-4d06-a25a-50e61fb961f2",
            "is_enabled": true,
            "key_id": "eed08e97-d680-4d06-a25a-50e61fb961f2",
            "key_usage": "ENCRYPT_DECRYPT",
            "multi_region": false,
            "policy": "{\"Statement\":[{\"Action\":\"kms:*\",\"Effect\":\"Allow\",\"Principal\":{\"AWS\":\"arn:aws:iam::978388149693:root\"},\"Resource\":\"*\",\"Sid\":\"Default\"}],\"Version\":\"2012-10-17\"}",
            "tags": {
              "ambiente": "prod",
              "cost-center": "55210210",
              "funcao": "eks",
              "funcionamento": "24x7",
              "owner": "Arquitetura",
              "workload": "ops-data-discovery"
            },
            "tags_all": {
              "ambiente": "prod",
              "cost-center": "55210210",
              "funcao": "eks",
              "funcionamento": "24x7",
              "owner": "Arquitetura",
              "workload": "ops-data-discovery"
            }
          },
          "sensitive_attributes": [],
          "private": "bnVsbA==",
          "dependencies": [
            "module.eks_cluster.module.kms.data.aws_caller_identity.current",
            "module.eks_cluster.module.kms.data.aws_iam_policy_document.k_policy"
          ],
          "create_before_destroy": true
        }
      ]
    },
    {
      "module": "module.fargate_profile",
      "mode": "data",
      "type": "aws_caller_identity",
      "name": "current",
      "provider": "provider[\"registry.terraform.io/hashicorp/aws\"]",
      "instances": [
        {
          "schema_version": 0,
          "attributes": {
            "account_id": "978388149693",
            "arn": "arn:aws:sts::978388149693:assumed-role/C2G-N3/aws-go-sdk-1675710596743369000",
            "id": "978388149693",
            "user_id": "AROA6HTD2MW65LKMFSDN2:aws-go-sdk-1675710596743369000"
          },
          "sensitive_attributes": []
        }
      ]
    },
    {
      "module": "module.fargate_profile",
      "mode": "data",
      "type": "aws_iam_policy_document",
      "name": "assume_role_policy",
      "provider": "provider[\"registry.terraform.io/hashicorp/aws\"]",
      "instances": [
        {
          "index_key": 0,
          "schema_version": 0,
          "attributes": {
            "id": "3567408449",
            "json": "{\n  \"Version\": \"2012-10-17\",\n  \"Statement\": [\n    {\n      \"Sid\": \"\",\n      \"Effect\": \"Allow\",\n      \"Action\": \"sts:AssumeRole\",\n      \"Principal\": {\n        \"Service\": \"eks-fargate-pods.amazonaws.com\"\n      }\n    }\n  ]\n}",
            "override_json": null,
            "override_policy_documents": null,
            "policy_id": null,
            "source_json": null,
            "source_policy_documents": null,
            "statement": [
              {
                "actions": [
                  "sts:AssumeRole"
                ],
                "condition": [],
                "effect": "Allow",
                "not_actions": [],
                "not_principals": [],
                "not_resources": [],
                "principals": [
                  {
                    "identifiers": [
                      "eks-fargate-pods.amazonaws.com"
                    ],
                    "type": "Service"
                  }
                ],
                "resources": [],
                "sid": ""
              }
            ],
            "version": "2012-10-17"
          },
          "sensitive_attributes": []
        }
      ]
    },
    {
      "module": "module.fargate_profile",
      "mode": "data",
      "type": "aws_partition",
      "name": "current",
      "provider": "provider[\"registry.terraform.io/hashicorp/aws\"]",
      "instances": [
        {
          "schema_version": 0,
          "attributes": {
            "dns_suffix": "amazonaws.com",
            "id": "aws",
            "partition": "aws",
            "reverse_dns_prefix": "com.amazonaws"
          },
          "sensitive_attributes": []
        }
      ]
    },
    {
      "module": "module.fargate_profile",
      "mode": "managed",
      "type": "aws_eks_fargate_profile",
      "name": "this",
      "provider": "provider[\"registry.terraform.io/hashicorp/aws\"]",
      "instances": [
        {
          "index_key": 0,
          "schema_version": 0,
          "attributes": {
            "arn": "arn:aws:eks:sa-east-1:978388149693:fargateprofile/prd-ops-data-discovery/ops-data-discovery-sp-fargate-pf/58c30a45-70e6-1ef7-befd-f5e7961612f4",
            "cluster_name": "prd-ops-data-discovery",
            "fargate_profile_name": "ops-data-discovery-sp-fargate-pf",
            "id": "prd-ops-data-discovery:ops-data-discovery-sp-fargate-pf",
            "pod_execution_role_arn": "arn:aws:iam::978388149693:role/ops-data-discovery-sp-fargate-pf-20230202233634427800000002",
            "selector": [
              {
                "labels": {
                  "k8s-app": "kube-dns"
                },
                "namespace": "kube-system"
              }
            ],
            "status": "ACTIVE",
            "subnet_ids": [
              "subnet-0489be1815252a915",
              "subnet-08cd6709b0f6f8a91",
              "subnet-0a024ec1653a0a513"
            ],
            "tags": {
              "ambiente": "prod",
              "cost-center": "55210210",
              "funcao": "fargate-profile",
              "funcionamento": "24x7",
              "owner": "Arquitetura",
              "workload": "ops-data-discovery"
            },
            "tags_all": {
              "ambiente": "prod",
              "cost-center": "55210210",
              "funcao": "fargate-profile",
              "funcionamento": "24x7",
              "owner": "Arquitetura",
              "workload": "ops-data-discovery"
            },
            "timeouts": {
              "create": null,
              "delete": null
            }
          },
          "sensitive_attributes": [],
          "private": "eyJlMmJmYjczMC1lY2FhLTExZTYtOGY4OC0zNDM2M2JjN2M0YzAiOnsiY3JlYXRlIjo2MDAwMDAwMDAwMDAsImRlbGV0ZSI6NjAwMDAwMDAwMDAwfX0=",
          "dependencies": [
            "module.eks_cluster.aws_cloudwatch_log_group.this",
            "module.eks_cluster.aws_eks_cluster.this",
            "module.eks_cluster.aws_iam_role.this",
            "module.eks_cluster.aws_iam_role_policy_attachment.this",
            "module.eks_cluster.aws_security_group.cluster",
            "module.eks_cluster.aws_security_group.node",
            "module.eks_cluster.aws_security_group_rule.cluster",
            "module.eks_cluster.aws_security_group_rule.node",
            "module.eks_cluster.data.aws_iam_policy_document.assume_role_policy",
            "module.eks_cluster.data.aws_partition.current",
            "module.eks_cluster.module.kms.aws_kms_external_key.this",
            "module.eks_cluster.module.kms.aws_kms_key.this",
            "module.eks_cluster.module.kms.data.aws_caller_identity.current",
            "module.eks_cluster.module.kms.data.aws_iam_policy_document.k_policy",
            "module.fargate_profile.aws_iam_role.this",
            "module.fargate_profile.data.aws_iam_policy_document.assume_role_policy"
          ]
        }
      ]
    },
    {
      "module": "module.fargate_profile",
      "mode": "managed",
      "type": "aws_iam_role",
      "name": "this",
      "provider": "provider[\"registry.terraform.io/hashicorp/aws\"]",
      "instances": [
        {
          "index_key": 0,
          "schema_version": 0,
          "attributes": {
            "arn": "arn:aws:iam::978388149693:role/ops-data-discovery-sp-fargate-pf-20230202233634427800000002",
            "assume_role_policy": "{\"Statement\":[{\"Action\":\"sts:AssumeRole\",\"Effect\":\"Allow\",\"Principal\":{\"Service\":\"eks-fargate-pods.amazonaws.com\"},\"Sid\":\"\"}],\"Version\":\"2012-10-17\"}",
            "create_date": "2023-02-02T23:36:34Z",
            "description": "",
            "force_detach_policies": true,
            "id": "ops-data-discovery-sp-fargate-pf-20230202233634427800000002",
            "inline_policy": [],
            "managed_policy_arns": [
              "arn:aws:iam::aws:policy/AmazonEKSFargatePodExecutionRolePolicy",
              "arn:aws:iam::aws:policy/AmazonEKS_CNI_Policy"
            ],
            "max_session_duration": 3600,
            "name": "ops-data-discovery-sp-fargate-pf-20230202233634427800000002",
            "name_prefix": "ops-data-discovery-sp-fargate-pf-",
            "path": "/",
            "permissions_boundary": null,
            "tags": {
              "ambiente": "prod",
              "cost-center": "55210210",
              "funcao": "fargate-profile",
              "funcionamento": "24x7",
              "owner": "Arquitetura",
              "workload": "ops-data-discovery"
            },
            "tags_all": {
              "ambiente": "prod",
              "cost-center": "55210210",
              "funcao": "fargate-profile",
              "funcionamento": "24x7",
              "owner": "Arquitetura",
              "workload": "ops-data-discovery"
            },
            "unique_id": "AROA6HTD2MW6TEOSNBFPU"
          },
          "sensitive_attributes": [],
          "private": "bnVsbA==",
          "dependencies": [
            "module.fargate_profile.data.aws_iam_policy_document.assume_role_policy"
          ]
        }
      ]
    },
    {
      "module": "module.fargate_profile",
      "mode": "managed",
      "type": "aws_iam_role_policy_attachment",
      "name": "this",
      "provider": "provider[\"registry.terraform.io/hashicorp/aws\"]",
      "instances": [
        {
          "index_key": "arn:aws:iam::aws:policy/AmazonEKSFargatePodExecutionRolePolicy",
          "schema_version": 0,
          "attributes": {
            "id": "ops-data-discovery-sp-fargate-pf-20230202233634427800000002-20230202233635951700000005",
            "policy_arn": "arn:aws:iam::aws:policy/AmazonEKSFargatePodExecutionRolePolicy",
            "role": "ops-data-discovery-sp-fargate-pf-20230202233634427800000002"
          },
          "sensitive_attributes": [],
          "private": "bnVsbA==",
          "dependencies": [
            "module.fargate_profile.aws_iam_role.this",
            "module.fargate_profile.data.aws_caller_identity.current",
            "module.fargate_profile.data.aws_iam_policy_document.assume_role_policy",
            "module.fargate_profile.data.aws_partition.current"
          ]
        },
        {
          "index_key": "arn:aws:iam::aws:policy/AmazonEKS_CNI_Policy",
          "schema_version": 0,
          "attributes": {
            "id": "ops-data-discovery-sp-fargate-pf-20230202233634427800000002-20230202233635927800000004",
            "policy_arn": "arn:aws:iam::aws:policy/AmazonEKS_CNI_Policy",
            "role": "ops-data-discovery-sp-fargate-pf-20230202233634427800000002"
          },
          "sensitive_attributes": [],
          "private": "bnVsbA==",
          "dependencies": [
            "module.fargate_profile.aws_iam_role.this",
            "module.fargate_profile.data.aws_caller_identity.current",
            "module.fargate_profile.data.aws_iam_policy_document.assume_role_policy",
            "module.fargate_profile.data.aws_partition.current"
          ]
        }
      ]
    }
  ]
}
